
Microsoft Visual Studio Solution File, Format Version 12.00
# Visual Studio Version 17
VisualStudioVersion = 17.0.31903.59
MinimumVisualStudioVersion = 10.0.40219.1
Project("{2150E333-8FDC-42A3-9474-1A3956D46DE8}") = "Modules", "Modules", "{CA253913-39DE-BFD0-C9A3-4B7EC6FBDF17}"
EndProject
Project("{2150E333-8FDC-42A3-9474-1A3956D46DE8}") = "Rbac", "Rbac", "{9EEBAFC6-4931-B24C-53D1-B543F3929D38}"
EndProject
Project("{FAE04EC0-301F-11D3-BF4B-00C04F79EFBC}") = "Lzq.Rbac.Domain", "Modules\Rbac\Lzq.Rbac.Domain\Lzq.Rbac.Domain.csproj", "{8F47171A-4E7D-46E7-BAA4-C32D865D87D2}"
EndProject
Project("{FAE04EC0-301F-11D3-BF4B-00C04F79EFBC}") = "Lzq.Rbac.Application.Contracts", "Modules\Rbac\Lzq.Rbac.Application.Contracts\Lzq.Rbac.Application.Contracts.csproj", "{9D652841-0E88-4EF0-9C00-0872D33A5A2E}"
EndProject
Project("{FAE04EC0-301F-11D3-BF4B-00C04F79EFBC}") = "Lzq.Rbac.Application", "Modules\Rbac\Lzq.Rbac.Application\Lzq.Rbac.Application.csproj", "{1D38BE59-9FA6-4B9D-801B-516476F03366}"
EndProject
Project("{2150E333-8FDC-42A3-9474-1A3956D46DE8}") = "Temp", "Temp", "{C1F5DF51-C649-AF79-49E6-CD88C49C79CA}"
EndProject
Project("{FAE04EC0-301F-11D3-BF4B-00C04F79EFBC}") = "Lzq.Temp.Domain", "Modules\Temp\Lzq.Temp.Domain\Lzq.Temp.Domain.csproj", "{6B511D40-F145-4DF7-8681-9D05B064B2F7}"
EndProject
Project("{FAE04EC0-301F-11D3-BF4B-00C04F79EFBC}") = "Lzq.Temp.Application.Contracts", "Modules\Temp\Lzq.Temp.Application.Contracts\Lzq.Temp.Application.Contracts.csproj", "{36E75F81-1585-43AD-A8B2-FA1FFD089C3A}"
EndProject
Project("{FAE04EC0-301F-11D3-BF4B-00C04F79EFBC}") = "Lzq.Temp.Application", "Modules\Temp\Lzq.Temp.Application\Lzq.Temp.Application.csproj", "{CAE68BD4-674A-4CDD-9BD3-EA9ECDCACCD4}"
EndProject
Project("{FAE04EC0-301F-11D3-BF4B-00C04F79EFBC}") = "Lzq.Temp.Tests", "Modules\Temp\Lzq.Temp.Tests\Lzq.Temp.Tests.csproj", "{687EC731-1671-4911-B7FC-2D48CC68FD79}"
EndProject
Project("{2150E333-8FDC-42A3-9474-1A3956D46DE8}") = "AI", "AI", "{5B8FA00D-5E3A-BB28-DB01-D34B71841EAC}"
EndProject
Project("{FAE04EC0-301F-11D3-BF4B-00C04F79EFBC}") = "Lzq.AI.Domain", "Modules\AI\Lzq.AI.Domain\Lzq.AI.Domain.csproj", "{C29309DD-014A-4DE2-8E3D-471AFF758EB4}"
EndProject
Project("{FAE04EC0-301F-11D3-BF4B-00C04F79EFBC}") = "Lzq.AI.Application.Contracts", "Modules\AI\Lzq.AI.Application.Contracts\Lzq.AI.Application.Contracts.csproj", "{4343C348-F258-49F1-BB8A-E59565A9C3E2}"
EndProject
Project("{FAE04EC0-301F-11D3-BF4B-00C04F79EFBC}") = "Lzq.AI.Application", "Modules\AI\Lzq.AI.Application\Lzq.AI.Application.csproj", "{E7E6AEDD-C0D7-4EA6-9CE9-F68123A6A0F2}"
EndProject
Project("{2150E333-8FDC-42A3-9474-1A3956D46DE8}") = "MES", "MES", "{C0C78D81-9954-1F92-E09F-9AFB302D1676}"
EndProject
Project("{FAE04EC0-301F-11D3-BF4B-00C04F79EFBC}") = "Lzq.MES.Domain", "Modules\MES\Lzq.MES.Domain\Lzq.MES.Domain.csproj", "{6204B46D-DC60-40E2-B435-067AC4CD95D2}"
EndProject
Project("{FAE04EC0-301F-11D3-BF4B-00C04F79EFBC}") = "Lzq.MES.Application.Contracts", "Modules\MES\Lzq.MES.Application.Contracts\Lzq.MES.Application.Contracts.csproj", "{842F3A06-1EEB-44B2-A054-79EF8A81E3D0}"
EndProject
Project("{FAE04EC0-301F-11D3-BF4B-00C04F79EFBC}") = "Lzq.MES.Application", "Modules\MES\Lzq.MES.Application\Lzq.MES.Application.csproj", "{167292BF-91C3-4455-9124-577F41F0AEDD}"
EndProject
Project("{FAE04EC0-301F-11D3-BF4B-00C04F79EFBC}") = "Lzq.MES.Tests", "Modules\MES\Lzq.MES.Tests\Lzq.MES.Tests.csproj", "{CF59B28D-262D-4529-B431-723821694073}"
EndProject
Project("{2150E333-8FDC-42A3-9474-1A3956D46DE8}") = "Skills", "Skills", "{B4179A26-5D7C-6D52-AD07-0B3AC1AE5D4D}"
EndProject
Project("{FAE04EC0-301F-11D3-BF4B-00C04F79EFBC}") = "Lzq.MES.Skills", "Skills\Lzq.MES.Skills\Lzq.MES.Skills.csproj", "{54B31829-C45F-4DEF-B569-0C92917BB0FB}"
EndProject
Project("{FAE04EC0-301F-11D3-BF4B-00C04F79EFBC}") = "Lzq.AgentForge.WebApi", "Lzq.AgentForge.WebApi\Lzq.AgentForge.WebApi.csproj", "{58052787-40D6-4CEF-8E6C-314B1F10112F}"
EndProject
Project("{2150E333-8FDC-42A3-9474-1A3956D46DE8}") = "MCP", "MCP", "{60D02A9B-BD8A-21E2-79E7-27A6B3D0EB49}"
EndProject
Project("{FAE04EC0-301F-11D3-BF4B-00C04F79EFBC}") = "Lzq.MCP.Demo", "MCP\Lzq.MCP.Demo\Lzq.MCP.Demo.csproj", "{26C582CC-25B6-42FC-9100-A2663E8DB3B3}"
EndProject
Global
	GlobalSection(SolutionConfigurationPlatforms) = preSolution
		Debug|Any CPU = Debug|Any CPU
		Debug|x64 = Debug|x64
		Debug|x86 = Debug|x86
		Release|Any CPU = Release|Any CPU
		Release|x64 = Release|x64
		Release|x86 = Release|x86
	EndGlobalSection
	GlobalSection(ProjectConfigurationPlatforms) = postSolution
		{8F47171A-4E7D-46E7-BAA4-C32D865D87D2}.Debug|Any CPU.ActiveCfg = Debug|Any CPU
		{8F47171A-4E7D-46E7-BAA4-C32D865D87D2}.Debug|Any CPU.Build.0 = Debug|Any CPU
		{8F47171A-4E7D-46E7-BAA4-C32D865D87D2}.Debug|x64.ActiveCfg = Debug|Any CPU
		{8F47171A-4E7D-46E7-BAA4-C32D865D87D2}.Debug|x64.Build.0 = Debug|Any CPU
		{8F47171A-4E7D-46E7-BAA4-C32D865D87D2}.Debug|x86.ActiveCfg = Debug|Any CPU
		{8F47171A-4E7D-46E7-BAA4-C32D865D87D2}.Debug|x86.Build.0 = Debug|Any CPU
		{8F47171A-4E7D-46E7-BAA4-C32D865D87D2}.Release|Any CPU.ActiveCfg = Release|Any CPU
		{8F47171A-4E7D-46E7-BAA4-C32D865D87D2}.Release|Any CPU.Build.0 = Release|Any CPU
		{8F47171A-4E7D-46E7-BAA4-C32D865D87D2}.Release|x64.ActiveCfg = Release|Any CPU
		{8F47171A-4E7D-46E7-BAA4-C32D865D87D2}.Release|x64.Build.0 = Release|Any CPU
		{8F47171A-4E7D-46E7-BAA4-C32D865D87D2}.Release|x86.ActiveCfg = Release|Any CPU
		{8F47171A-4E7D-46E7-BAA4-C32D865D87D2}.Release|x86.Build.0 = Release|Any CPU
		{9D652841-0E88-4EF0-9C00-0872D33A5A2E}.Debug|Any CPU.ActiveCfg = Debug|Any CPU
		{9D652841-0E88-4EF0-9C00-0872D33A5A2E}.Debug|Any CPU.Build.0 = Debug|Any CPU
		{9D652841-0E88-4EF0-9C00-0872D33A5A2E}.Debug|x64.ActiveCfg = Debug|Any CPU
		{9D652841-0E88-4EF0-9C00-0872D33A5A2E}.Debug|x64.Build.0 = Debug|Any CPU
		{9D652841-0E88-4EF0-9C00-0872D33A5A2E}.Debug|x86.ActiveCfg = Debug|Any CPU
		{9D652841-0E88-4EF0-9C00-0872D33A5A2E}.Debug|x86.Build.0 = Debug|Any CPU
		{9D652841-0E88-4EF0-9C00-0872D33A5A2E}.Release|Any CPU.ActiveCfg = Release|Any CPU
		{9D652841-0E88-4EF0-9C00-0872D33A5A2E}.Release|Any CPU.Build.0 = Release|Any CPU
		{9D652841-0E88-4EF0-9C00-0872D33A5A2E}.Release|x64.ActiveCfg = Release|Any CPU
		{9D652841-0E88-4EF0-9C00-0872D33A5A2E}.Release|x64.Build.0 = Release|Any CPU
		{9D652841-0E88-4EF0-9C00-0872D33A5A2E}.Release|x86.ActiveCfg = Release|Any CPU
		{9D652841-0E88-4EF0-9C00-0872D33A5A2E}.Release|x86.Build.0 = Release|Any CPU
		{1D38BE59-9FA6-4B9D-801B-516476F03366}.Debug|Any CPU.ActiveCfg = Debug|Any CPU
		{1D38BE59-9FA6-4B9D-801B-516476F03366}.Debug|Any CPU.Build.0 = Debug|Any CPU
		{1D38BE59-9FA6-4B9D-801B-516476F03366}.Debug|x64.ActiveCfg = Debug|Any CPU
		{1D38BE59-9FA6-4B9D-801B-516476F03366}.Debug|x64.Build.0 = Debug|Any CPU
		{1D38BE59-9FA6-4B9D-801B-516476F03366}.Debug|x86.ActiveCfg = Debug|Any CPU
		{1D38BE59-9FA6-4B9D-801B-516476F03366}.Debug|x86.Build.0 = Debug|Any CPU
		{1D38BE59-9FA6-4B9D-801B-516476F03366}.Release|Any CPU.ActiveCfg = Release|Any CPU
		{1D38BE59-9FA6-4B9D-801B-516476F03366}.Release|Any CPU.Build.0 = Release|Any CPU
		{1D38BE59-9FA6-4B9D-801B-516476F03366}.Release|x64.ActiveCfg = Release|Any CPU
		{1D38BE59-9FA6-4B9D-801B-516476F03366}.Release|x64.Build.0 = Release|Any CPU
		{1D38BE59-9FA6-4B9D-801B-516476F03366}.Release|x86.ActiveCfg = Release|Any CPU
		{1D38BE59-9FA6-4B9D-801B-516476F03366}.Release|x86.Build.0 = Release|Any CPU
		{6B511D40-F145-4DF7-8681-9D05B064B2F7}.Debug|Any CPU.ActiveCfg = Debug|Any CPU
		{6B511D40-F145-4DF7-8681-9D05B064B2F7}.Debug|Any CPU.Build.0 = Debug|Any CPU
		{6B511D40-F145-4DF7-8681-9D05B064B2F7}.Debug|x64.ActiveCfg = Debug|Any CPU
		{6B511D40-F145-4DF7-8681-9D05B064B2F7}.Debug|x64.Build.0 = Debug|Any CPU
		{6B511D40-F145-4DF7-8681-9D05B064B2F7}.Debug|x86.ActiveCfg = Debug|Any CPU
		{6B511D40-F145-4DF7-8681-9D05B064B2F7}.Debug|x86.Build.0 = Debug|Any CPU
		{6B511D40-F145-4DF7-8681-9D05B064B2F7}.Release|Any CPU.ActiveCfg = Release|Any CPU
		{6B511D40-F145-4DF7-8681-9D05B064B2F7}.Release|Any CPU.Build.0 = Release|Any CPU
		{6B511D40-F145-4DF7-8681-9D05B064B2F7}.Release|x64.ActiveCfg = Release|Any CPU
		{6B511D40-F145-4DF7-8681-9D05B064B2F7}.Release|x64.Build.0 = Release|Any CPU
		{6B511D40-F145-4DF7-8681-9D05B064B2F7}.Release|x86.ActiveCfg = Release|Any CPU
		{6B511D40-F145-4DF7-8681-9D05B064B2F7}.Release|x86.Build.0 = Release|Any CPU
		{36E75F81-1585-43AD-A8B2-FA1FFD089C3A}.Debug|Any CPU.ActiveCfg = Debug|Any CPU
		{36E75F81-1585-43AD-A8B2-FA1FFD089C3A}.Debug|Any CPU.Build.0 = Debug|Any CPU
		{36E75F81-1585-43AD-A8B2-FA1FFD089C3A}.Debug|x64.ActiveCfg = Debug|Any CPU
		{36E75F81-1585-43AD-A8B2-FA1FFD089C3A}.Debug|x64.Build.0 = Debug|Any CPU
		{36E75F81-1585-43AD-A8B2-FA1FFD089C3A}.Debug|x86.ActiveCfg = Debug|Any CPU
		{36E75F81-1585-43AD-A8B2-FA1FFD089C3A}.Debug|x86.Build.0 = Debug|Any CPU
		{36E75F81-1585-43AD-A8B2-FA1FFD089C3A}.Release|Any CPU.ActiveCfg = Release|Any CPU
		{36E75F81-1585-43AD-A8B2-FA1FFD089C3A}.Release|Any CPU.Build.0 = Release|Any CPU
		{36E75F81-1585-43AD-A8B2-FA1FFD089C3A}.Release|x64.ActiveCfg = Release|Any CPU
		{36E75F81-1585-43AD-A8B2-FA1FFD089C3A}.Release|x64.Build.0 = Release|Any CPU
		{36E75F81-1585-43AD-A8B2-FA1FFD089C3A}.Release|x86.ActiveCfg = Release|Any CPU
		{36E75F81-1585-43AD-A8B2-FA1FFD089C3A}.Release|x86.Build.0 = Release|Any CPU
		{CAE68BD4-674A-4CDD-9BD3-EA9ECDCACCD4}.Debug|Any CPU.ActiveCfg = Debug|Any CPU
		{CAE68BD4-674A-4CDD-9BD3-EA9ECDCACCD4}.Debug|Any CPU.Build.0 = Debug|Any CPU
		{CAE68BD4-674A-4CDD-9BD3-EA9ECDCACCD4}.Debug|x64.ActiveCfg = Debug|Any CPU
		{CAE68BD4-674A-4CDD-9BD3-EA9ECDCACCD4}.Debug|x64.Build.0 = Debug|Any CPU
		{CAE68BD4-674A-4CDD-9BD3-EA9ECDCACCD4}.Debug|x86.ActiveCfg = Debug|Any CPU
		{CAE68BD4-674A-4CDD-9BD3-EA9ECDCACCD4}.Debug|x86.Build.0 = Debug|Any CPU
		{CAE68BD4-674A-4CDD-9BD3-EA9ECDCACCD4}.Release|Any CPU.ActiveCfg = Release|Any CPU
		{CAE68BD4-674A-4CDD-9BD3-EA9ECDCACCD4}.Release|Any CPU.Build.0 = Release|Any CPU
		{CAE68BD4-674A-4CDD-9BD3-EA9ECDCACCD4}.Release|x64.ActiveCfg = Release|Any CPU
		{CAE68BD4-674A-4CDD-9BD3-EA9ECDCACCD4}.Release|x64.Build.0 = Release|Any CPU
		{CAE68BD4-674A-4CDD-9BD3-EA9ECDCACCD4}.Release|x86.ActiveCfg = Release|Any CPU
		{CAE68BD4-674A-4CDD-9BD3-EA9ECDCACCD4}.Release|x86.Build.0 = Release|Any CPU
		{687EC731-1671-4911-B7FC-2D48CC68FD79}.Debug|Any CPU.ActiveCfg = Debug|Any CPU
		{687EC731-1671-4911-B7FC-2D48CC68FD79}.Debug|Any CPU.Build.0 = Debug|Any CPU
		{687EC731-1671-4911-B7FC-2D48CC68FD79}.Debug|x64.ActiveCfg = Debug|Any CPU
		{687EC731-1671-4911-B7FC-2D48CC68FD79}.Debug|x64.Build.0 = Debug|Any CPU
		{687EC731-1671-4911-B7FC-2D48CC68FD79}.Debug|x86.ActiveCfg = Debug|Any CPU
		{687EC731-1671-4911-B7FC-2D48CC68FD79}.Debug|x86.Build.0 = Debug|Any CPU
		{687EC731-1671-4911-B7FC-2D48CC68FD79}.Release|Any CPU.ActiveCfg = Release|Any CPU
		{687EC731-1671-4911-B7FC-2D48CC68FD79}.Release|Any CPU.Build.0 = Release|Any CPU
		{687EC731-1671-4911-B7FC-2D48CC68FD79}.Release|x64.ActiveCfg = Release|Any CPU
		{687EC731-1671-4911-B7FC-2D48CC68FD79}.Release|x64.Build.0 = Release|Any CPU
		{687EC731-1671-4911-B7FC-2D48CC68FD79}.Release|x86.ActiveCfg = Release|Any CPU
		{687EC731-1671-4911-B7FC-2D48CC68FD79}.Release|x86.Build.0 = Release|Any CPU
		{C29309DD-014A-4DE2-8E3D-471AFF758EB4}.Debug|Any CPU.ActiveCfg = Debug|Any CPU
		{C29309DD-014A-4DE2-8E3D-471AFF758EB4}.Debug|Any CPU.Build.0 = Debug|Any CPU
		{C29309DD-014A-4DE2-8E3D-471AFF758EB4}.Debug|x64.ActiveCfg = Debug|Any CPU
		{C29309DD-014A-4DE2-8E3D-471AFF758EB4}.Debug|x64.Build.0 = Debug|Any CPU
		{C29309DD-014A-4DE2-8E3D-471AFF758EB4}.Debug|x86.ActiveCfg = Debug|Any CPU
		{C29309DD-014A-4DE2-8E3D-471AFF758EB4}.Debug|x86.Build.0 = Debug|Any CPU
		{C29309DD-014A-4DE2-8E3D-471AFF758EB4}.Release|Any CPU.ActiveCfg = Release|Any CPU
		{C29309DD-014A-4DE2-8E3D-471AFF758EB4}.Release|Any CPU.Build.0 = Release|Any CPU
		{C29309DD-014A-4DE2-8E3D-471AFF758EB4}.Release|x64.ActiveCfg = Release|Any CPU
		{C29309DD-014A-4DE2-8E3D-471AFF758EB4}.Release|x64.Build.0 = Release|Any CPU
		{C29309DD-014A-4DE2-8E3D-471AFF758EB4}.Release|x86.ActiveCfg = Release|Any CPU
		{C29309DD-014A-4DE2-8E3D-471AFF758EB4}.Release|x86.Build.0 = Release|Any CPU
		{4343C348-F258-49F1-BB8A-E59565A9C3E2}.Debug|Any CPU.ActiveCfg = Debug|Any CPU
		{4343C348-F258-49F1-BB8A-E59565A9C3E2}.Debug|Any CPU.Build.0 = Debug|Any CPU
		{4343C348-F258-49F1-BB8A-E59565A9C3E2}.Debug|x64.ActiveCfg = Debug|Any CPU
		{4343C348-F258-49F1-BB8A-E59565A9C3E2}.Debug|x64.Build.0 = Debug|Any CPU
		{4343C348-F258-49F1-BB8A-E59565A9C3E2}.Debug|x86.ActiveCfg = Debug|Any CPU
		{4343C348-F258-49F1-BB8A-E59565A9C3E2}.Debug|x86.Build.0 = Debug|Any CPU
		{4343C348-F258-49F1-BB8A-E59565A9C3E2}.Release|Any CPU.ActiveCfg = Release|Any CPU
		{4343C348-F258-49F1-BB8A-E59565A9C3E2}.Release|Any CPU.Build.0 = Release|Any CPU
		{4343C348-F258-49F1-BB8A-E59565A9C3E2}.Release|x64.ActiveCfg = Release|Any CPU
		{4343C348-F258-49F1-BB8A-E59565A9C3E2}.Release|x64.Build.0 = Release|Any CPU
		{4343C348-F258-49F1-BB8A-E59565A9C3E2}.Release|x86.ActiveCfg = Release|Any CPU
		{4343C348-F258-49F1-BB8A-E59565A9C3E2}.Release|x86.Build.0 = Release|Any CPU
		{E7E6AEDD-C0D7-4EA6-9CE9-F68123A6A0F2}.Debug|Any CPU.ActiveCfg = Debug|Any CPU
		{E7E6AEDD-C0D7-4EA6-9CE9-F68123A6A0F2}.Debug|Any CPU.Build.0 = Debug|Any CPU
		{E7E6AEDD-C0D7-4EA6-9CE9-F68123A6A0F2}.Debug|x64.ActiveCfg = Debug|Any CPU
		{E7E6AEDD-C0D7-4EA6-9CE9-F68123A6A0F2}.Debug|x64.Build.0 = Debug|Any CPU
		{E7E6AEDD-C0D7-4EA6-9CE9-F68123A6A0F2}.Debug|x86.ActiveCfg = Debug|Any CPU
		{E7E6AEDD-C0D7-4EA6-9CE9-F68123A6A0F2}.Debug|x86.Build.0 = Debug|Any CPU
		{E7E6AEDD-C0D7-4EA6-9CE9-F68123A6A0F2}.Release|Any CPU.ActiveCfg = Release|Any CPU
		{E7E6AEDD-C0D7-4EA6-9CE9-F68123A6A0F2}.Release|Any CPU.Build.0 = Release|Any CPU
		{E7E6AEDD-C0D7-4EA6-9CE9-F68123A6A0F2}.Release|x64.ActiveCfg = Release|Any CPU
		{E7E6AEDD-C0D7-4EA6-9CE9-F68123A6A0F2}.Release|x64.Build.0 = Release|Any CPU
		{E7E6AEDD-C0D7-4EA6-9CE9-F68123A6A0F2}.Release|x86.ActiveCfg = Release|Any CPU
		{E7E6AEDD-C0D7-4EA6-9CE9-F68123A6A0F2}.Release|x86.Build.0 = Release|Any CPU
		{6204B46D-DC60-40E2-B435-067AC4CD95D2}.Debug|Any CPU.ActiveCfg = Debug|Any CPU
		{6204B46D-DC60-40E2-B435-067AC4CD95D2}.Debug|Any CPU.Build.0 = Debug|Any CPU
		{6204B46D-DC60-40E2-B435-067AC4CD95D2}.Debug|x64.ActiveCfg = Debug|Any CPU
		{6204B46D-DC60-40E2-B435-067AC4CD95D2}.Debug|x64.Build.0 = Debug|Any CPU
		{6204B46D-DC60-40E2-B435-067AC4CD95D2}.Debug|x86.ActiveCfg = Debug|Any CPU
		{6204B46D-DC60-40E2-B435-067AC4CD95D2}.Debug|x86.Build.0 = Debug|Any CPU
		{6204B46D-DC60-40E2-B435-067AC4CD95D2}.Release|Any CPU.ActiveCfg = Release|Any CPU
		{6204B46D-DC60-40E2-B435-067AC4CD95D2}.Release|Any CPU.Build.0 = Release|Any CPU
		{6204B46D-DC60-40E2-B435-067AC4CD95D2}.Release|x64.ActiveCfg = Release|Any CPU
		{6204B46D-DC60-40E2-B435-067AC4CD95D2}.Release|x64.Build.0 = Release|Any CPU
		{6204B46D-DC60-40E2-B435-067AC4CD95D2}.Release|x86.ActiveCfg = Release|Any CPU
		{6204B46D-DC60-40E2-B435-067AC4CD95D2}.Release|x86.Build.0 = Release|Any CPU
		{842F3A06-1EEB-44B2-A054-79EF8A81E3D0}.Debug|Any CPU.ActiveCfg = Debug|Any CPU
		{842F3A06-1EEB-44B2-A054-79EF8A81E3D0}.Debug|Any CPU.Build.0 = Debug|Any CPU
		{842F3A06-1EEB-44B2-A054-79EF8A81E3D0}.Debug|x64.ActiveCfg = Debug|Any CPU
		{842F3A06-1EEB-44B2-A054-79EF8A81E3D0}.Debug|x64.Build.0 = Debug|Any CPU
		{842F3A06-1EEB-44B2-A054-79EF8A81E3D0}.Debug|x86.ActiveCfg = Debug|Any CPU
		{842F3A06-1EEB-44B2-A054-79EF8A81E3D0}.Debug|x86.Build.0 = Debug|Any CPU
		{842F3A06-1EEB-44B2-A054-79EF8A81E3D0}.Release|Any CPU.ActiveCfg = Release|Any CPU
		{842F3A06-1EEB-44B2-A054-79EF8A81E3D0}.Release|Any CPU.Build.0 = Release|Any CPU
		{842F3A06-1EEB-44B2-A054-79EF8A81E3D0}.Release|x64.ActiveCfg = Release|Any CPU
		{842F3A06-1EEB-44B2-A054-79EF8A81E3D0}.Release|x64.Build.0 = Release|Any CPU
		{842F3A06-1EEB-44B2-A054-79EF8A81E3D0}.Release|x86.ActiveCfg = Release|Any CPU
		{842F3A06-1EEB-44B2-A054-79EF8A81E3D0}.Release|x86.Build.0 = Release|Any CPU
		{167292BF-91C3-4455-9124-577F41F0AEDD}.Debug|Any CPU.ActiveCfg = Debug|Any CPU
		{167292BF-91C3-4455-9124-577F41F0AEDD}.Debug|Any CPU.Build.0 = Debug|Any CPU
		{167292BF-91C3-4455-9124-577F41F0AEDD}.Debug|x64.ActiveCfg = Debug|Any CPU
		{167292BF-91C3-4455-9124-577F41F0AEDD}.Debug|x64.Build.0 = Debug|Any CPU
		{167292BF-91C3-4455-9124-577F41F0AEDD}.Debug|x86.ActiveCfg = Debug|Any CPU
		{167292BF-91C3-4455-9124-577F41F0AEDD}.Debug|x86.Build.0 = Debug|Any CPU
		{167292BF-91C3-4455-9124-577F41F0AEDD}.Release|Any CPU.ActiveCfg = Release|Any CPU
		{167292BF-91C3-4455-9124-577F41F0AEDD}.Release|Any CPU.Build.0 = Release|Any CPU
		{167292BF-91C3-4455-9124-577F41F0AEDD}.Release|x64.ActiveCfg = Release|Any CPU
		{167292BF-91C3-4455-9124-577F41F0AEDD}.Release|x64.Build.0 = Release|Any CPU
		{167292BF-91C3-4455-9124-577F41F0AEDD}.Release|x86.ActiveCfg = Release|Any CPU
		{167292BF-91C3-4455-9124-577F41F0AEDD}.Release|x86.Build.0 = Release|Any CPU
		{CF59B28D-262D-4529-B431-723821694073}.Debug|Any CPU.ActiveCfg = Debug|Any CPU
		{CF59B28D-262D-4529-B431-723821694073}.Debug|Any CPU.Build.0 = Debug|Any CPU
		{CF59B28D-262D-4529-B431-723821694073}.Debug|x64.ActiveCfg = Debug|Any CPU
		{CF59B28D-262D-4529-B431-723821694073}.Debug|x64.Build.0 = Debug|Any CPU
		{CF59B28D-262D-4529-B431-723821694073}.Debug|x86.ActiveCfg = Debug|Any CPU
		{CF59B28D-262D-4529-B431-723821694073}.Debug|x86.Build.0 = Debug|Any CPU
		{CF59B28D-262D-4529-B431-723821694073}.Release|Any CPU.ActiveCfg = Release|Any CPU
		{CF59B28D-262D-4529-B431-723821694073}.Release|Any CPU.Build.0 = Release|Any CPU
		{CF59B28D-262D-4529-B431-723821694073}.Release|x64.ActiveCfg = Release|Any CPU
		{CF59B28D-262D-4529-B431-723821694073}.Release|x64.Build.0 = Release|Any CPU
		{CF59B28D-262D-4529-B431-723821694073}.Release|x86.ActiveCfg = Release|Any CPU
		{CF59B28D-262D-4529-B431-723821694073}.Release|x86.Build.0 = Release|Any CPU
		{54B31829-C45F-4DEF-B569-0C92917BB0FB}.Debug|Any CPU.ActiveCfg = Debug|Any CPU
		{54B31829-C45F-4DEF-B569-0C92917BB0FB}.Debug|Any CPU.Build.0 = Debug|Any CPU
		{54B31829-C45F-4DEF-B569-0C92917BB0FB}.Debug|x64.ActiveCfg = Debug|Any CPU
		{54B31829-C45F-4DEF-B569-0C92917BB0FB}.Debug|x64.Build.0 = Debug|Any CPU
		{54B31829-C45F-4DEF-B569-0C92917BB0FB}.Debug|x86.ActiveCfg = Debug|Any CPU
		{54B31829-C45F-4DEF-B569-0C92917BB0FB}.Debug|x86.Build.0 = Debug|Any CPU
		{54B31829-C45F-4DEF-B569-0C92917BB0FB}.Release|Any CPU.ActiveCfg = Release|Any CPU
		{54B31829-C45F-4DEF-B569-0C92917BB0FB}.Release|Any CPU.Build.0 = Release|Any CPU
		{54B31829-C45F-4DEF-B569-0C92917BB0FB}.Release|x64.ActiveCfg = Release|Any CPU
		{54B31829-C45F-4DEF-B569-0C92917BB0FB}.Release|x64.Build.0 = Release|Any CPU
		{54B31829-C45F-4DEF-B569-0C92917BB0FB}.Release|x86.ActiveCfg = Release|Any CPU
		{54B31829-C45F-4DEF-B569-0C92917BB0FB}.Release|x86.Build.0 = Release|Any CPU
		{58052787-40D6-4CEF-8E6C-314B1F10112F}.Debug|Any CPU.ActiveCfg = Debug|Any CPU
		{58052787-40D6-4CEF-8E6C-314B1F10112F}.Debug|Any CPU.Build.0 = Debug|Any CPU
		{58052787-40D6-4CEF-8E6C-314B1F10112F}.Debug|x64.ActiveCfg = Debug|Any CPU
		{58052787-40D6-4CEF-8E6C-314B1F10112F}.Debug|x64.Build.0 = Debug|Any CPU
		{58052787-40D6-4CEF-8E6C-314B1F10112F}.Debug|x86.ActiveCfg = Debug|Any CPU
		{58052787-40D6-4CEF-8E6C-314B1F10112F}.Debug|x86.Build.0 = Debug|Any CPU
		{58052787-40D6-4CEF-8E6C-314B1F10112F}.Release|Any CPU.ActiveCfg = Release|Any CPU
		{58052787-40D6-4CEF-8E6C-314B1F10112F}.Release|Any CPU.Build.0 = Release|Any CPU
		{58052787-40D6-4CEF-8E6C-314B1F10112F}.Release|x64.ActiveCfg = Release|Any CPU
		{58052787-40D6-4CEF-8E6C-314B1F10112F}.Release|x64.Build.0 = Release|Any CPU
		{58052787-40D6-4CEF-8E6C-314B1F10112F}.Release|x86.ActiveCfg = Release|Any CPU
		{58052787-40D6-4CEF-8E6C-314B1F10112F}.Release|x86.Build.0 = Release|Any CPU
		{26C582CC-25B6-42FC-9100-A2663E8DB3B3}.Debug|Any CPU.ActiveCfg = Debug|Any CPU
		{26C582CC-25B6-42FC-9100-A2663E8DB3B3}.Debug|Any CPU.Build.0 = Debug|Any CPU
		{26C582CC-25B6-42FC-9100-A2663E8DB3B3}.Debug|x64.ActiveCfg = Debug|Any CPU
		{26C582CC-25B6-42FC-9100-A2663E8DB3B3}.Debug|x64.Build.0 = Debug|Any CPU
		{26C582CC-25B6-42FC-9100-A2663E8DB3B3}.Debug|x86.ActiveCfg = Debug|Any CPU
		{26C582CC-25B6-42FC-9100-A2663E8DB3B3}.Debug|x86.Build.0 = Debug|Any CPU
		{26C582CC-25B6-42FC-9100-A2663E8DB3B3}.Release|Any CPU.ActiveCfg = Release|Any CPU
		{26C582CC-25B6-42FC-9100-A2663E8DB3B3}.Release|Any CPU.Build.0 = Release|Any CPU
		{26C582CC-25B6-42FC-9100-A2663E8DB3B3}.Release|x64.ActiveCfg = Release|Any CPU
		{26C582CC-25B6-42FC-9100-A2663E8DB3B3}.Release|x64.Build.0 = Release|Any CPU
		{26C582CC-25B6-42FC-9100-A2663E8DB3B3}.Release|x86.ActiveCfg = Release|Any CPU
		{26C582CC-25B6-42FC-9100-A2663E8DB3B3}.Release|x86.Build.0 = Release|Any CPU
	EndGlobalSection
	GlobalSection(SolutionProperties) = preSolution
		HideSolutionNode = FALSE
	EndGlobalSection
	GlobalSection(NestedProjects) = preSolution
		{9EEBAFC6-4931-B24C-53D1-B543F3929D38} = {CA253913-39DE-BFD0-C9A3-4B7EC6FBDF17}
		{8F47171A-4E7D-46E7-BAA4-C32D865D87D2} = {9EEBAFC6-4931-B24C-53D1-B543F3929D38}
		{9D652841-0E88-4EF0-9C00-0872D33A5A2E} = {9EEBAFC6-4931-B24C-53D1-B543F3929D38}
		{1D38BE59-9FA6-4B9D-801B-516476F03366} = {9EEBAFC6-4931-B24C-53D1-B543F3929D38}
		{C1F5DF51-C649-AF79-49E6-CD88C49C79CA} = {CA253913-39DE-BFD0-C9A3-4B7EC6FBDF17}
		{6B511D40-F145-4DF7-8681-9D05B064B2F7} = {C1F5DF51-C649-AF79-49E6-CD88C49C79CA}
		{36E75F81-1585-43AD-A8B2-FA1FFD089C3A} = {C1F5DF51-C649-AF79-49E6-CD88C49C79CA}
		{CAE68BD4-674A-4CDD-9BD3-EA9ECDCACCD4} = {C1F5DF51-C649-AF79-49E6-CD88C49C79CA}
		{687EC731-1671-4911-B7FC-2D48CC68FD79} = {C1F5DF51-C649-AF79-49E6-CD88C49C79CA}
		{5B8FA00D-5E3A-BB28-DB01-D34B71841EAC} = {CA253913-39DE-BFD0-C9A3-4B7EC6FBDF17}
		{C29309DD-014A-4DE2-8E3D-471AFF758EB4} = {5B8FA00D-5E3A-BB28-DB01-D34B71841EAC}
		{4343C348-F258-49F1-BB8A-E59565A9C3E2} = {5B8FA00D-5E3A-BB28-DB01-D34B71841EAC}
		{E7E6AEDD-C0D7-4EA6-9CE9-F68123A6A0F2} = {5B8FA00D-5E3A-BB28-DB01-D34B71841EAC}
		{C0C78D81-9954-1F92-E09F-9AFB302D1676} = {CA253913-39DE-BFD0-C9A3-4B7EC6FBDF17}
		{6204B46D-DC60-40E2-B435-067AC4CD95D2} = {C0C78D81-9954-1F92-E09F-9AFB302D1676}
		{842F3A06-1EEB-44B2-A054-79EF8A81E3D0} = {C0C78D81-9954-1F92-E09F-9AFB302D1676}
		{167292BF-91C3-4455-9124-577F41F0AEDD} = {C0C78D81-9954-1F92-E09F-9AFB302D1676}
		{CF59B28D-262D-4529-B431-723821694073} = {C0C78D81-9954-1F92-E09F-9AFB302D1676}
		{54B31829-C45F-4DEF-B569-0C92917BB0FB} = {B4179A26-5D7C-6D52-AD07-0B3AC1AE5D4D}
		{26C582CC-25B6-42FC-9100-A2663E8DB3B3} = {60D02A9B-BD8A-21E2-79E7-27A6B3D0EB49}
	EndGlobalSection
EndGlobal
