
Microsoft Visual Studio Solution File, Format Version 12.00
# Visual Studio Version 18
VisualStudioVersion = 18.5.11723.231
MinimumVisualStudioVersion = 10.0.40219.1
Project("{2150E333-8FDC-42A3-9474-1A3956D46DE8}") = "1 Solution Items", "1 Solution Items", "{B40C5E52-2FA0-425D-A0AF-18F986EE52E0}"
	ProjectSection(SolutionItems) = preProject
		.editorconfig = .editorconfig
		Directory.Build.props = Directory.Build.props
		docker-compose.yml = docker-compose.yml
		README.md = README.md
		Roadmap.md = Roadmap.md
	EndProjectSection
EndProject
Project("{2150E333-8FDC-42A3-9474-1A3956D46DE8}") = "Modules", "Modules", "{2CCF2DC9-161B-4090-B7CE-A3F6FEE33A9E}"
EndProject
Project("{2150E333-8FDC-42A3-9474-1A3956D46DE8}") = "BaseData", "BaseData", "{8FDA406C-A922-4C10-857F-63CBC1D3C0CD}"
EndProject
Project("{2150E333-8FDC-42A3-9474-1A3956D46DE8}") = "Dashboard", "Dashboard", "{34301158-03C8-4F6E-A917-C9BB4EF92F64}"
EndProject
Project("{2150E333-8FDC-42A3-9474-1A3956D46DE8}") = "Equipment", "Equipment", "{662ADC0C-EC70-496A-8269-A3029FB9E57E}"
EndProject
Project("{2150E333-8FDC-42A3-9474-1A3956D46DE8}") = "QA", "QA", "{78BE8EA2-A7C3-43B6-A33F-935CFA2E02F5}"
EndProject
Project("{2150E333-8FDC-42A3-9474-1A3956D46DE8}") = "WorkOrder", "WorkOrder", "{336F24D6-34DE-4737-B095-721268774590}"
EndProject
Project("{FAE04EC0-301F-11D3-BF4B-00C04F79EFBC}") = "Lzq.BaseData.Domain", "Modules\BaseData\Lzq.BaseData.Domain\Lzq.BaseData.Domain.csproj", "{B50349DB-35CD-AF35-F903-B2537E7B0816}"
EndProject
Project("{FAE04EC0-301F-11D3-BF4B-00C04F79EFBC}") = "Lzq.BaseData.Application.Contracts", "Modules\BaseData\Lzq.BaseData.Application.Contracts\Lzq.BaseData.Application.Contracts.csproj", "{0441791B-F27F-C75B-4588-E3196B129299}"
EndProject
Project("{FAE04EC0-301F-11D3-BF4B-00C04F79EFBC}") = "Lzq.BaseData.Application", "Modules\BaseData\Lzq.BaseData.Application\Lzq.BaseData.Application.csproj", "{69BB4A87-E2DE-B673-1549-14DB0D93023A}"
EndProject
Project("{FAE04EC0-301F-11D3-BF4B-00C04F79EFBC}") = "Lzq.BaseData.Tests", "Modules\BaseData\Lzq.BaseData.Tests\Lzq.BaseData.Tests.csproj", "{1DDBFBFC-E4AA-8EBD-2248-D6DD082C2DF1}"
EndProject
Project("{FAE04EC0-301F-11D3-BF4B-00C04F79EFBC}") = "Lzq.Dashboard.Domain", "Modules\Dashboard\Lzq.Dashboard.Domain\Lzq.Dashboard.Domain.csproj", "{942080AB-C9E9-436B-3808-9613B48FA61E}"
EndProject
Project("{FAE04EC0-301F-11D3-BF4B-00C04F79EFBC}") = "Lzq.Dashboard.Application.Contracts", "Modules\Dashboard\Lzq.Dashboard.Application.Contracts\Lzq.Dashboard.Application.Contracts.csproj", "{3C4EAD4F-BC78-2C0B-A9E9-455C33432586}"
EndProject
Project("{FAE04EC0-301F-11D3-BF4B-00C04F79EFBC}") = "Lzq.Equipment.Application.Contracts", "Modules\Equipment\Lzq.Equipment.Application.Contracts\Lzq.Equipment.Application.Contracts.csproj", "{AB2B387C-A926-E1D7-05EA-4880EF0847B4}"
EndProject
Project("{FAE04EC0-301F-11D3-BF4B-00C04F79EFBC}") = "Lzq.Equipment.Application", "Modules\Equipment\Lzq.Equipment.Application\Lzq.Equipment.Application.csproj", "{44D348C6-CEE0-BD9D-E825-E696DEC3334E}"
EndProject
Project("{FAE04EC0-301F-11D3-BF4B-00C04F79EFBC}") = "Lzq.QA.Domain", "Modules\QA\Lzq.QA.Domain\Lzq.QA.Domain.csproj", "{3C0F6B95-852F-6319-B0FA-7913FEF1CC71}"
EndProject
Project("{FAE04EC0-301F-11D3-BF4B-00C04F79EFBC}") = "Lzq.QA.Application.Contracts", "Modules\QA\Lzq.QA.Application.Contracts\Lzq.QA.Application.Contracts.csproj", "{2399B58F-EEB4-E1F2-F049-188CBB3E2EB0}"
EndProject
Project("{FAE04EC0-301F-11D3-BF4B-00C04F79EFBC}") = "Lzq.QA.Application", "Modules\QA\Lzq.QA.Application\Lzq.QA.Application.csproj", "{34F19C31-CC73-24E6-5352-8E4D1B67BA4F}"
EndProject
Project("{FAE04EC0-301F-11D3-BF4B-00C04F79EFBC}") = "Lzq.WorkOrder.Domain", "Modules\WorkOrder\Lzq.WorkOrder.Domain\Lzq.WorkOrder.Domain.csproj", "{547A2093-4FC0-4360-F9CD-1EE5C31AEADA}"
EndProject
Project("{FAE04EC0-301F-11D3-BF4B-00C04F79EFBC}") = "Lzq.WorkOrder.Application.Contracts", "Modules\WorkOrder\Lzq.WorkOrder.Application.Contracts\Lzq.WorkOrder.Application.Contracts.csproj", "{310B4847-0C8A-FE17-E995-F096CD92D9CE}"
EndProject
Project("{FAE04EC0-301F-11D3-BF4B-00C04F79EFBC}") = "Lzq.WorkOrder.Application", "Modules\WorkOrder\Lzq.WorkOrder.Application\Lzq.WorkOrder.Application.csproj", "{988FCE2C-ECE7-D1E8-B031-5E25944286FC}"
EndProject
Project("{FAE04EC0-301F-11D3-BF4B-00C04F79EFBC}") = "Lzq.Equipment.Domain", "Modules\Equipment\Lzq.Equipment.Domain\Lzq.Equipment.Domain.csproj", "{F89DF8CA-72DC-7024-ECD5-766854F280F9}"
EndProject
Project("{FAE04EC0-301F-11D3-BF4B-00C04F79EFBC}") = "Lzq.Dashboard.Application", "Modules\Dashboard\Lzq.Dashboard.Application\Lzq.Dashboard.Application.csproj", "{13CD265D-B14D-01C1-BDD9-9D946700F2B6}"
EndProject
Project("{FAE04EC0-301F-11D3-BF4B-00C04F79EFBC}") = "Lzq.Dashboard.Tests", "Modules\Dashboard\Lzq.Dashboard.Tests\Lzq.Dashboard.Tests.csproj", "{E72D929D-B5D6-8B54-974D-8F662DC87566}"
EndProject
Project("{FAE04EC0-301F-11D3-BF4B-00C04F79EFBC}") = "Lzq.Equipment.Tests", "Modules\Equipment\Lzq.Equipment.Tests\Lzq.Equipment.Tests.csproj", "{49E25CB6-E5F0-17EA-7178-4AB267D30607}"
EndProject
Project("{FAE04EC0-301F-11D3-BF4B-00C04F79EFBC}") = "Lzq.QA.Tests", "Modules\QA\Lzq.QA.Tests\Lzq.QA.Tests.csproj", "{D5FF5BAB-BB05-51F8-D1F2-4EF0953444DA}"
EndProject
Project("{FAE04EC0-301F-11D3-BF4B-00C04F79EFBC}") = "Lzq.WorkOrder.Tests", "Modules\WorkOrder\Lzq.WorkOrder.Tests\Lzq.WorkOrder.Tests.csproj", "{B3E0531C-25B2-BBE0-2CF8-11BDAAA8B28F}"
EndProject
Project("{2150E333-8FDC-42A3-9474-1A3956D46DE8}") = "Rbac", "Rbac", "{BE09409E-C90F-C4CD-8409-D7ED47C7BA57}"
EndProject
Project("{FAE04EC0-301F-11D3-BF4B-00C04F79EFBC}") = "Lzq.Rbac.Domain", "Modules\Rbac\Lzq.Rbac.Domain\Lzq.Rbac.Domain.csproj", "{0AEFAA69-7229-485B-88E7-20F110838FAD}"
EndProject
Project("{FAE04EC0-301F-11D3-BF4B-00C04F79EFBC}") = "Lzq.Rbac.Application.Contracts", "Modules\Rbac\Lzq.Rbac.Application.Contracts\Lzq.Rbac.Application.Contracts.csproj", "{337A7A35-273A-44A1-B3F5-29A15FAFAEAF}"
EndProject
Project("{FAE04EC0-301F-11D3-BF4B-00C04F79EFBC}") = "Lzq.Rbac.Application", "Modules\Rbac\Lzq.Rbac.Application\Lzq.Rbac.Application.csproj", "{E93F6C94-27AD-4913-B103-264590B4A419}"
EndProject
Project("{2150E333-8FDC-42A3-9474-1A3956D46DE8}") = "Temp", "Temp", "{4BCBAD4B-3624-F1E7-5E9D-426CABDF362D}"
EndProject
Project("{FAE04EC0-301F-11D3-BF4B-00C04F79EFBC}") = "Lzq.Temp.Domain", "Modules\Temp\Lzq.Temp.Domain\Lzq.Temp.Domain.csproj", "{A4D0603F-1C1D-45A7-B209-998468F94FE4}"
EndProject
Project("{FAE04EC0-301F-11D3-BF4B-00C04F79EFBC}") = "Lzq.Temp.Application.Contracts", "Modules\Temp\Lzq.Temp.Application.Contracts\Lzq.Temp.Application.Contracts.csproj", "{7DF7CBCC-944E-4FDA-BB2F-094B76B64817}"
EndProject
Project("{FAE04EC0-301F-11D3-BF4B-00C04F79EFBC}") = "Lzq.Temp.Application", "Modules\Temp\Lzq.Temp.Application\Lzq.Temp.Application.csproj", "{91E99235-3CA7-4986-87E4-31859F9E31E6}"
EndProject
Project("{FAE04EC0-301F-11D3-BF4B-00C04F79EFBC}") = "Lzq.Temp.Tests", "Modules\Temp\Lzq.Temp.Tests\Lzq.Temp.Tests.csproj", "{50E78846-1097-4278-B46D-57E2F4D8E30E}"
EndProject
Project("{2150E333-8FDC-42A3-9474-1A3956D46DE8}") = "AI", "AI", "{9C8E2808-CA96-4E1C-AA1C-FD3C61C36E9D}"
EndProject
Project("{FAE04EC0-301F-11D3-BF4B-00C04F79EFBC}") = "Lzq.AI.Domain", "Modules\AI\Lzq.AI.Domain\Lzq.AI.Domain.csproj", "{5BA32FA6-957B-B84C-E6ED-6757DA75AF64}"
EndProject
Project("{FAE04EC0-301F-11D3-BF4B-00C04F79EFBC}") = "Lzq.AI.Application.Contracts", "Modules\AI\Lzq.AI.Application.Contracts\Lzq.AI.Application.Contracts.csproj", "{6340F6BA-F16F-924A-EED2-5E101A330E62}"
EndProject
Project("{FAE04EC0-301F-11D3-BF4B-00C04F79EFBC}") = "Lzq.AI.Application", "Modules\AI\Lzq.AI.Application\Lzq.AI.Application.csproj", "{95705CA7-B9E6-6C6B-2962-26A9B2BF960C}"
EndProject
Project("{2150E333-8FDC-42A3-9474-1A3956D46DE8}") = "Skills", "Skills", "{7E5197D9-5A2C-4F2B-A202-5C7CFB05DFBB}"
EndProject
Project("{FAE04EC0-301F-11D3-BF4B-00C04F79EFBC}") = "Lzq.MES.Skills", "Skills\Lzq.MES.Skills\Lzq.MES.Skills.csproj", "{2E5B9A83-5ABA-4C4F-99A7-A39CD6BA0722}"
EndProject
Project("{FAE04EC0-301F-11D3-BF4B-00C04F79EFBC}") = "Lzq.AgentForge.WebApi", "Lzq.AgentForge.WebApi\Lzq.AgentForge.WebApi.csproj", "{C4FF2A72-A374-54F4-A3DC-EAB3BAD89730}"
EndProject
Project("{2150E333-8FDC-42A3-9474-1A3956D46DE8}") = "MCP", "MCP", "{28C8DA06-4C04-461C-A053-4AEDF426DE6B}"
EndProject
Project("{FAE04EC0-301F-11D3-BF4B-00C04F79EFBC}") = "Lzq.MCP.Demo", "MCP\Lzq.MCP.Demo\Lzq.MCP.Demo.csproj", "{B1C992C5-3FAC-3400-48B3-DBA3383E5BC0}"
EndProject
Global
	GlobalSection(SolutionConfigurationPlatforms) = preSolution
		Debug|Any CPU = Debug|Any CPU
		Debug|x64 = Debug|x64
		Debug|x86 = Debug|x86
		Release|Any CPU = Release|Any CPU
		Release|x64 = Release|x64
		Release|x86 = Release|x86
	EndGlobalSection
	GlobalSection(ProjectConfigurationPlatforms) = postSolution
		{B50349DB-35CD-AF35-F903-B2537E7B0816}.Debug|Any CPU.ActiveCfg = Debug|Any CPU
		{B50349DB-35CD-AF35-F903-B2537E7B0816}.Debug|Any CPU.Build.0 = Debug|Any CPU
		{B50349DB-35CD-AF35-F903-B2537E7B0816}.Debug|x64.ActiveCfg = Debug|Any CPU
		{B50349DB-35CD-AF35-F903-B2537E7B0816}.Debug|x64.Build.0 = Debug|Any CPU
		{B50349DB-35CD-AF35-F903-B2537E7B0816}.Debug|x86.ActiveCfg = Debug|Any CPU
		{B50349DB-35CD-AF35-F903-B2537E7B0816}.Debug|x86.Build.0 = Debug|Any CPU
		{B50349DB-35CD-AF35-F903-B2537E7B0816}.Release|Any CPU.ActiveCfg = Release|Any CPU
		{B50349DB-35CD-AF35-F903-B2537E7B0816}.Release|Any CPU.Build.0 = Release|Any CPU
		{B50349DB-35CD-AF35-F903-B2537E7B0816}.Release|x64.ActiveCfg = Release|Any CPU
		{B50349DB-35CD-AF35-F903-B2537E7B0816}.Release|x64.Build.0 = Release|Any CPU
		{B50349DB-35CD-AF35-F903-B2537E7B0816}.Release|x86.ActiveCfg = Release|Any CPU
		{B50349DB-35CD-AF35-F903-B2537E7B0816}.Release|x86.Build.0 = Release|Any CPU
		{0441791B-F27F-C75B-4588-E3196B129299}.Debug|Any CPU.ActiveCfg = Debug|Any CPU
		{0441791B-F27F-C75B-4588-E3196B129299}.Debug|Any CPU.Build.0 = Debug|Any CPU
		{0441791B-F27F-C75B-4588-E3196B129299}.Debug|x64.ActiveCfg = Debug|Any CPU
		{0441791B-F27F-C75B-4588-E3196B129299}.Debug|x64.Build.0 = Debug|Any CPU
		{0441791B-F27F-C75B-4588-E3196B129299}.Debug|x86.ActiveCfg = Debug|Any CPU
		{0441791B-F27F-C75B-4588-E3196B129299}.Debug|x86.Build.0 = Debug|Any CPU
		{0441791B-F27F-C75B-4588-E3196B129299}.Release|Any CPU.ActiveCfg = Release|Any CPU
		{0441791B-F27F-C75B-4588-E3196B129299}.Release|Any CPU.Build.0 = Release|Any CPU
		{0441791B-F27F-C75B-4588-E3196B129299}.Release|x64.ActiveCfg = Release|Any CPU
		{0441791B-F27F-C75B-4588-E3196B129299}.Release|x64.Build.0 = Release|Any CPU
		{0441791B-F27F-C75B-4588-E3196B129299}.Release|x86.ActiveCfg = Release|Any CPU
		{0441791B-F27F-C75B-4588-E3196B129299}.Release|x86.Build.0 = Release|Any CPU
		{69BB4A87-E2DE-B673-1549-14DB0D93023A}.Debug|Any CPU.ActiveCfg = Debug|Any CPU
		{69BB4A87-E2DE-B673-1549-14DB0D93023A}.Debug|Any CPU.Build.0 = Debug|Any CPU
		{69BB4A87-E2DE-B673-1549-14DB0D93023A}.Debug|x64.ActiveCfg = Debug|Any CPU
		{69BB4A87-E2DE-B673-1549-14DB0D93023A}.Debug|x64.Build.0 = Debug|Any CPU
		{69BB4A87-E2DE-B673-1549-14DB0D93023A}.Debug|x86.ActiveCfg = Debug|Any CPU
		{69BB4A87-E2DE-B673-1549-14DB0D93023A}.Debug|x86.Build.0 = Debug|Any CPU
		{69BB4A87-E2DE-B673-1549-14DB0D93023A}.Release|Any CPU.ActiveCfg = Release|Any CPU
		{69BB4A87-E2DE-B673-1549-14DB0D93023A}.Release|Any CPU.Build.0 = Release|Any CPU
		{69BB4A87-E2DE-B673-1549-14DB0D93023A}.Release|x64.ActiveCfg = Release|Any CPU
		{69BB4A87-E2DE-B673-1549-14DB0D93023A}.Release|x64.Build.0 = Release|Any CPU
		{69BB4A87-E2DE-B673-1549-14DB0D93023A}.Release|x86.ActiveCfg = Release|Any CPU
		{69BB4A87-E2DE-B673-1549-14DB0D93023A}.Release|x86.Build.0 = Release|Any CPU
		{1DDBFBFC-E4AA-8EBD-2248-D6DD082C2DF1}.Debug|Any CPU.ActiveCfg = Debug|Any CPU
		{1DDBFBFC-E4AA-8EBD-2248-D6DD082C2DF1}.Debug|Any CPU.Build.0 = Debug|Any CPU
		{1DDBFBFC-E4AA-8EBD-2248-D6DD082C2DF1}.Debug|x64.ActiveCfg = Debug|Any CPU
		{1DDBFBFC-E4AA-8EBD-2248-D6DD082C2DF1}.Debug|x64.Build.0 = Debug|Any CPU
		{1DDBFBFC-E4AA-8EBD-2248-D6DD082C2DF1}.Debug|x86.ActiveCfg = Debug|Any CPU
		{1DDBFBFC-E4AA-8EBD-2248-D6DD082C2DF1}.Debug|x86.Build.0 = Debug|Any CPU
		{1DDBFBFC-E4AA-8EBD-2248-D6DD082C2DF1}.Release|Any CPU.ActiveCfg = Release|Any CPU
		{1DDBFBFC-E4AA-8EBD-2248-D6DD082C2DF1}.Release|Any CPU.Build.0 = Release|Any CPU
		{1DDBFBFC-E4AA-8EBD-2248-D6DD082C2DF1}.Release|x64.ActiveCfg = Release|Any CPU
		{1DDBFBFC-E4AA-8EBD-2248-D6DD082C2DF1}.Release|x64.Build.0 = Release|Any CPU
		{1DDBFBFC-E4AA-8EBD-2248-D6DD082C2DF1}.Release|x86.ActiveCfg = Release|Any CPU
		{1DDBFBFC-E4AA-8EBD-2248-D6DD082C2DF1}.Release|x86.Build.0 = Release|Any CPU
		{942080AB-C9E9-436B-3808-9613B48FA61E}.Debug|Any CPU.ActiveCfg = Debug|Any CPU
		{942080AB-C9E9-436B-3808-9613B48FA61E}.Debug|Any CPU.Build.0 = Debug|Any CPU
		{942080AB-C9E9-436B-3808-9613B48FA61E}.Debug|x64.ActiveCfg = Debug|Any CPU
		{942080AB-C9E9-436B-3808-9613B48FA61E}.Debug|x64.Build.0 = Debug|Any CPU
		{942080AB-C9E9-436B-3808-9613B48FA61E}.Debug|x86.ActiveCfg = Debug|Any CPU
		{942080AB-C9E9-436B-3808-9613B48FA61E}.Debug|x86.Build.0 = Debug|Any CPU
		{942080AB-C9E9-436B-3808-9613B48FA61E}.Release|Any CPU.ActiveCfg = Release|Any CPU
		{942080AB-C9E9-436B-3808-9613B48FA61E}.Release|Any CPU.Build.0 = Release|Any CPU
		{942080AB-C9E9-436B-3808-9613B48FA61E}.Release|x64.ActiveCfg = Release|Any CPU
		{942080AB-C9E9-436B-3808-9613B48FA61E}.Release|x64.Build.0 = Release|Any CPU
		{942080AB-C9E9-436B-3808-9613B48FA61E}.Release|x86.ActiveCfg = Release|Any CPU
		{942080AB-C9E9-436B-3808-9613B48FA61E}.Release|x86.Build.0 = Release|Any CPU
		{3C4EAD4F-BC78-2C0B-A9E9-455C33432586}.Debug|Any CPU.ActiveCfg = Debug|Any CPU
		{3C4EAD4F-BC78-2C0B-A9E9-455C33432586}.Debug|Any CPU.Build.0 = Debug|Any CPU
		{3C4EAD4F-BC78-2C0B-A9E9-455C33432586}.Debug|x64.ActiveCfg = Debug|Any CPU
		{3C4EAD4F-BC78-2C0B-A9E9-455C33432586}.Debug|x64.Build.0 = Debug|Any CPU
		{3C4EAD4F-BC78-2C0B-A9E9-455C33432586}.Debug|x86.ActiveCfg = Debug|Any CPU
		{3C4EAD4F-BC78-2C0B-A9E9-455C33432586}.Debug|x86.Build.0 = Debug|Any CPU
		{3C4EAD4F-BC78-2C0B-A9E9-455C33432586}.Release|Any CPU.ActiveCfg = Release|Any CPU
		{3C4EAD4F-BC78-2C0B-A9E9-455C33432586}.Release|Any CPU.Build.0 = Release|Any CPU
		{3C4EAD4F-BC78-2C0B-A9E9-455C33432586}.Release|x64.ActiveCfg = Release|Any CPU
		{3C4EAD4F-BC78-2C0B-A9E9-455C33432586}.Release|x64.Build.0 = Release|Any CPU
		{3C4EAD4F-BC78-2C0B-A9E9-455C33432586}.Release|x86.ActiveCfg = Release|Any CPU
		{3C4EAD4F-BC78-2C0B-A9E9-455C33432586}.Release|x86.Build.0 = Release|Any CPU
		{AB2B387C-A926-E1D7-05EA-4880EF0847B4}.Debug|Any CPU.ActiveCfg = Debug|Any CPU
		{AB2B387C-A926-E1D7-05EA-4880EF0847B4}.Debug|Any CPU.Build.0 = Debug|Any CPU
		{AB2B387C-A926-E1D7-05EA-4880EF0847B4}.Debug|x64.ActiveCfg = Debug|Any CPU
		{AB2B387C-A926-E1D7-05EA-4880EF0847B4}.Debug|x64.Build.0 = Debug|Any CPU
		{AB2B387C-A926-E1D7-05EA-4880EF0847B4}.Debug|x86.ActiveCfg = Debug|Any CPU
		{AB2B387C-A926-E1D7-05EA-4880EF0847B4}.Debug|x86.Build.0 = Debug|Any CPU
		{AB2B387C-A926-E1D7-05EA-4880EF0847B4}.Release|Any CPU.ActiveCfg = Release|Any CPU
		{AB2B387C-A926-E1D7-05EA-4880EF0847B4}.Release|Any CPU.Build.0 = Release|Any CPU
		{AB2B387C-A926-E1D7-05EA-4880EF0847B4}.Release|x64.ActiveCfg = Release|Any CPU
		{AB2B387C-A926-E1D7-05EA-4880EF0847B4}.Release|x64.Build.0 = Release|Any CPU
		{AB2B387C-A926-E1D7-05EA-4880EF0847B4}.Release|x86.ActiveCfg = Release|Any CPU
		{AB2B387C-A926-E1D7-05EA-4880EF0847B4}.Release|x86.Build.0 = Release|Any CPU
		{44D348C6-CEE0-BD9D-E825-E696DEC3334E}.Debug|Any CPU.ActiveCfg = Debug|Any CPU
		{44D348C6-CEE0-BD9D-E825-E696DEC3334E}.Debug|Any CPU.Build.0 = Debug|Any CPU
		{44D348C6-CEE0-BD9D-E825-E696DEC3334E}.Debug|x64.ActiveCfg = Debug|Any CPU
		{44D348C6-CEE0-BD9D-E825-E696DEC3334E}.Debug|x64.Build.0 = Debug|Any CPU
		{44D348C6-CEE0-BD9D-E825-E696DEC3334E}.Debug|x86.ActiveCfg = Debug|Any CPU
		{44D348C6-CEE0-BD9D-E825-E696DEC3334E}.Debug|x86.Build.0 = Debug|Any CPU
		{44D348C6-CEE0-BD9D-E825-E696DEC3334E}.Release|Any CPU.ActiveCfg = Release|Any CPU
		{44D348C6-CEE0-BD9D-E825-E696DEC3334E}.Release|Any CPU.Build.0 = Release|Any CPU
		{44D348C6-CEE0-BD9D-E825-E696DEC3334E}.Release|x64.ActiveCfg = Release|Any CPU
		{44D348C6-CEE0-BD9D-E825-E696DEC3334E}.Release|x64.Build.0 = Release|Any CPU
		{44D348C6-CEE0-BD9D-E825-E696DEC3334E}.Release|x86.ActiveCfg = Release|Any CPU
		{44D348C6-CEE0-BD9D-E825-E696DEC3334E}.Release|x86.Build.0 = Release|Any CPU
		{3C0F6B95-852F-6319-B0FA-7913FEF1CC71}.Debug|Any CPU.ActiveCfg = Debug|Any CPU
		{3C0F6B95-852F-6319-B0FA-7913FEF1CC71}.Debug|Any CPU.Build.0 = Debug|Any CPU
		{3C0F6B95-852F-6319-B0FA-7913FEF1CC71}.Debug|x64.ActiveCfg = Debug|Any CPU
		{3C0F6B95-852F-6319-B0FA-7913FEF1CC71}.Debug|x64.Build.0 = Debug|Any CPU
		{3C0F6B95-852F-6319-B0FA-7913FEF1CC71}.Debug|x86.ActiveCfg = Debug|Any CPU
		{3C0F6B95-852F-6319-B0FA-7913FEF1CC71}.Debug|x86.Build.0 = Debug|Any CPU
		{3C0F6B95-852F-6319-B0FA-7913FEF1CC71}.Release|Any CPU.ActiveCfg = Release|Any CPU
		{3C0F6B95-852F-6319-B0FA-7913FEF1CC71}.Release|Any CPU.Build.0 = Release|Any CPU
		{3C0F6B95-852F-6319-B0FA-7913FEF1CC71}.Release|x64.ActiveCfg = Release|Any CPU
		{3C0F6B95-852F-6319-B0FA-7913FEF1CC71}.Release|x64.Build.0 = Release|Any CPU
		{3C0F6B95-852F-6319-B0FA-7913FEF1CC71}.Release|x86.ActiveCfg = Release|Any CPU
		{3C0F6B95-852F-6319-B0FA-7913FEF1CC71}.Release|x86.Build.0 = Release|Any CPU
		{2399B58F-EEB4-E1F2-F049-188CBB3E2EB0}.Debug|Any CPU.ActiveCfg = Debug|Any CPU
		{2399B58F-EEB4-E1F2-F049-188CBB3E2EB0}.Debug|Any CPU.Build.0 = Debug|Any CPU
		{2399B58F-EEB4-E1F2-F049-188CBB3E2EB0}.Debug|x64.ActiveCfg = Debug|Any CPU
		{2399B58F-EEB4-E1F2-F049-188CBB3E2EB0}.Debug|x64.Build.0 = Debug|Any CPU
		{2399B58F-EEB4-E1F2-F049-188CBB3E2EB0}.Debug|x86.ActiveCfg = Debug|Any CPU
		{2399B58F-EEB4-E1F2-F049-188CBB3E2EB0}.Debug|x86.Build.0 = Debug|Any CPU
		{2399B58F-EEB4-E1F2-F049-188CBB3E2EB0}.Release|Any CPU.ActiveCfg = Release|Any CPU
		{2399B58F-EEB4-E1F2-F049-188CBB3E2EB0}.Release|Any CPU.Build.0 = Release|Any CPU
		{2399B58F-EEB4-E1F2-F049-188CBB3E2EB0}.Release|x64.ActiveCfg = Release|Any CPU
		{2399B58F-EEB4-E1F2-F049-188CBB3E2EB0}.Release|x64.Build.0 = Release|Any CPU
		{2399B58F-EEB4-E1F2-F049-188CBB3E2EB0}.Release|x86.ActiveCfg = Release|Any CPU
		{2399B58F-EEB4-E1F2-F049-188CBB3E2EB0}.Release|x86.Build.0 = Release|Any CPU
		{34F19C31-CC73-24E6-5352-8E4D1B67BA4F}.Debug|Any CPU.ActiveCfg = Debug|Any CPU
		{34F19C31-CC73-24E6-5352-8E4D1B67BA4F}.Debug|Any CPU.Build.0 = Debug|Any CPU
		{34F19C31-CC73-24E6-5352-8E4D1B67BA4F}.Debug|x64.ActiveCfg = Debug|Any CPU
		{34F19C31-CC73-24E6-5352-8E4D1B67BA4F}.Debug|x64.Build.0 = Debug|Any CPU
		{34F19C31-CC73-24E6-5352-8E4D1B67BA4F}.Debug|x86.ActiveCfg = Debug|Any CPU
		{34F19C31-CC73-24E6-5352-8E4D1B67BA4F}.Debug|x86.Build.0 = Debug|Any CPU
		{34F19C31-CC73-24E6-5352-8E4D1B67BA4F}.Release|Any CPU.ActiveCfg = Release|Any CPU
		{34F19C31-CC73-24E6-5352-8E4D1B67BA4F}.Release|Any CPU.Build.0 = Release|Any CPU
		{34F19C31-CC73-24E6-5352-8E4D1B67BA4F}.Release|x64.ActiveCfg = Release|Any CPU
		{34F19C31-CC73-24E6-5352-8E4D1B67BA4F}.Release|x64.Build.0 = Release|Any CPU
		{34F19C31-CC73-24E6-5352-8E4D1B67BA4F}.Release|x86.ActiveCfg = Release|Any CPU
		{34F19C31-CC73-24E6-5352-8E4D1B67BA4F}.Release|x86.Build.0 = Release|Any CPU
		{547A2093-4FC0-4360-F9CD-1EE5C31AEADA}.Debug|Any CPU.ActiveCfg = Debug|Any CPU
		{547A2093-4FC0-4360-F9CD-1EE5C31AEADA}.Debug|Any CPU.Build.0 = Debug|Any CPU
		{547A2093-4FC0-4360-F9CD-1EE5C31AEADA}.Debug|x64.ActiveCfg = Debug|Any CPU
		{547A2093-4FC0-4360-F9CD-1EE5C31AEADA}.Debug|x64.Build.0 = Debug|Any CPU
		{547A2093-4FC0-4360-F9CD-1EE5C31AEADA}.Debug|x86.ActiveCfg = Debug|Any CPU
		{547A2093-4FC0-4360-F9CD-1EE5C31AEADA}.Debug|x86.Build.0 = Debug|Any CPU
		{547A2093-4FC0-4360-F9CD-1EE5C31AEADA}.Release|Any CPU.ActiveCfg = Release|Any CPU
		{547A2093-4FC0-4360-F9CD-1EE5C31AEADA}.Release|Any CPU.Build.0 = Release|Any CPU
		{547A2093-4FC0-4360-F9CD-1EE5C31AEADA}.Release|x64.ActiveCfg = Release|Any CPU
		{547A2093-4FC0-4360-F9CD-1EE5C31AEADA}.Release|x64.Build.0 = Release|Any CPU
		{547A2093-4FC0-4360-F9CD-1EE5C31AEADA}.Release|x86.ActiveCfg = Release|Any CPU
		{547A2093-4FC0-4360-F9CD-1EE5C31AEADA}.Release|x86.Build.0 = Release|Any CPU
		{310B4847-0C8A-FE17-E995-F096CD92D9CE}.Debug|Any CPU.ActiveCfg = Debug|Any CPU
		{310B4847-0C8A-FE17-E995-F096CD92D9CE}.Debug|Any CPU.Build.0 = Debug|Any CPU
		{310B4847-0C8A-FE17-E995-F096CD92D9CE}.Debug|x64.ActiveCfg = Debug|Any CPU
		{310B4847-0C8A-FE17-E995-F096CD92D9CE}.Debug|x64.Build.0 = Debug|Any CPU
		{310B4847-0C8A-FE17-E995-F096CD92D9CE}.Debug|x86.ActiveCfg = Debug|Any CPU
		{310B4847-0C8A-FE17-E995-F096CD92D9CE}.Debug|x86.Build.0 = Debug|Any CPU
		{310B4847-0C8A-FE17-E995-F096CD92D9CE}.Release|Any CPU.ActiveCfg = Release|Any CPU
		{310B4847-0C8A-FE17-E995-F096CD92D9CE}.Release|Any CPU.Build.0 = Release|Any CPU
		{310B4847-0C8A-FE17-E995-F096CD92D9CE}.Release|x64.ActiveCfg = Release|Any CPU
		{310B4847-0C8A-FE17-E995-F096CD92D9CE}.Release|x64.Build.0 = Release|Any CPU
		{310B4847-0C8A-FE17-E995-F096CD92D9CE}.Release|x86.ActiveCfg = Release|Any CPU
		{310B4847-0C8A-FE17-E995-F096CD92D9CE}.Release|x86.Build.0 = Release|Any CPU
		{988FCE2C-ECE7-D1E8-B031-5E25944286FC}.Debug|Any CPU.ActiveCfg = Debug|Any CPU
		{988FCE2C-ECE7-D1E8-B031-5E25944286FC}.Debug|Any CPU.Build.0 = Debug|Any CPU
		{988FCE2C-ECE7-D1E8-B031-5E25944286FC}.Debug|x64.ActiveCfg = Debug|Any CPU
		{988FCE2C-ECE7-D1E8-B031-5E25944286FC}.Debug|x64.Build.0 = Debug|Any CPU
		{988FCE2C-ECE7-D1E8-B031-5E25944286FC}.Debug|x86.ActiveCfg = Debug|Any CPU
		{988FCE2C-ECE7-D1E8-B031-5E25944286FC}.Debug|x86.Build.0 = Debug|Any CPU
		{988FCE2C-ECE7-D1E8-B031-5E25944286FC}.Release|Any CPU.ActiveCfg = Release|Any CPU
		{988FCE2C-ECE7-D1E8-B031-5E25944286FC}.Release|Any CPU.Build.0 = Release|Any CPU
		{988FCE2C-ECE7-D1E8-B031-5E25944286FC}.Release|x64.ActiveCfg = Release|Any CPU
		{988FCE2C-ECE7-D1E8-B031-5E25944286FC}.Release|x64.Build.0 = Release|Any CPU
		{988FCE2C-ECE7-D1E8-B031-5E25944286FC}.Release|x86.ActiveCfg = Release|Any CPU
		{988FCE2C-ECE7-D1E8-B031-5E25944286FC}.Release|x86.Build.0 = Release|Any CPU
		{F89DF8CA-72DC-7024-ECD5-766854F280F9}.Debug|Any CPU.ActiveCfg = Debug|Any CPU
		{F89DF8CA-72DC-7024-ECD5-766854F280F9}.Debug|Any CPU.Build.0 = Debug|Any CPU
		{F89DF8CA-72DC-7024-ECD5-766854F280F9}.Debug|x64.ActiveCfg = Debug|Any CPU
		{F89DF8CA-72DC-7024-ECD5-766854F280F9}.Debug|x64.Build.0 = Debug|Any CPU
		{F89DF8CA-72DC-7024-ECD5-766854F280F9}.Debug|x86.ActiveCfg = Debug|Any CPU
		{F89DF8CA-72DC-7024-ECD5-766854F280F9}.Debug|x86.Build.0 = Debug|Any CPU
		{F89DF8CA-72DC-7024-ECD5-766854F280F9}.Release|Any CPU.ActiveCfg = Release|Any CPU
		{F89DF8CA-72DC-7024-ECD5-766854F280F9}.Release|Any CPU.Build.0 = Release|Any CPU
		{F89DF8CA-72DC-7024-ECD5-766854F280F9}.Release|x64.ActiveCfg = Release|Any CPU
		{F89DF8CA-72DC-7024-ECD5-766854F280F9}.Release|x64.Build.0 = Release|Any CPU
		{F89DF8CA-72DC-7024-ECD5-766854F280F9}.Release|x86.ActiveCfg = Release|Any CPU
		{F89DF8CA-72DC-7024-ECD5-766854F280F9}.Release|x86.Build.0 = Release|Any CPU
		{13CD265D-B14D-01C1-BDD9-9D946700F2B6}.Debug|Any CPU.ActiveCfg = Debug|Any CPU
		{13CD265D-B14D-01C1-BDD9-9D946700F2B6}.Debug|Any CPU.Build.0 = Debug|Any CPU
		{13CD265D-B14D-01C1-BDD9-9D946700F2B6}.Debug|x64.ActiveCfg = Debug|Any CPU
		{13CD265D-B14D-01C1-BDD9-9D946700F2B6}.Debug|x64.Build.0 = Debug|Any CPU
		{13CD265D-B14D-01C1-BDD9-9D946700F2B6}.Debug|x86.ActiveCfg = Debug|Any CPU
		{13CD265D-B14D-01C1-BDD9-9D946700F2B6}.Debug|x86.Build.0 = Debug|Any CPU
		{13CD265D-B14D-01C1-BDD9-9D946700F2B6}.Release|Any CPU.ActiveCfg = Release|Any CPU
		{13CD265D-B14D-01C1-BDD9-9D946700F2B6}.Release|Any CPU.Build.0 = Release|Any CPU
		{13CD265D-B14D-01C1-BDD9-9D946700F2B6}.Release|x64.ActiveCfg = Release|Any CPU
		{13CD265D-B14D-01C1-BDD9-9D946700F2B6}.Release|x64.Build.0 = Release|Any CPU
		{13CD265D-B14D-01C1-BDD9-9D946700F2B6}.Release|x86.ActiveCfg = Release|Any CPU
		{13CD265D-B14D-01C1-BDD9-9D946700F2B6}.Release|x86.Build.0 = Release|Any CPU
		{E72D929D-B5D6-8B54-974D-8F662DC87566}.Debug|Any CPU.ActiveCfg = Debug|Any CPU
		{E72D929D-B5D6-8B54-974D-8F662DC87566}.Debug|Any CPU.Build.0 = Debug|Any CPU
		{E72D929D-B5D6-8B54-974D-8F662DC87566}.Debug|x64.ActiveCfg = Debug|Any CPU
		{E72D929D-B5D6-8B54-974D-8F662DC87566}.Debug|x64.Build.0 = Debug|Any CPU
		{E72D929D-B5D6-8B54-974D-8F662DC87566}.Debug|x86.ActiveCfg = Debug|Any CPU
		{E72D929D-B5D6-8B54-974D-8F662DC87566}.Debug|x86.Build.0 = Debug|Any CPU
		{E72D929D-B5D6-8B54-974D-8F662DC87566}.Release|Any CPU.ActiveCfg = Release|Any CPU
		{E72D929D-B5D6-8B54-974D-8F662DC87566}.Release|Any CPU.Build.0 = Release|Any CPU
		{E72D929D-B5D6-8B54-974D-8F662DC87566}.Release|x64.ActiveCfg = Release|Any CPU
		{E72D929D-B5D6-8B54-974D-8F662DC87566}.Release|x64.Build.0 = Release|Any CPU
		{E72D929D-B5D6-8B54-974D-8F662DC87566}.Release|x86.ActiveCfg = Release|Any CPU
		{E72D929D-B5D6-8B54-974D-8F662DC87566}.Release|x86.Build.0 = Release|Any CPU
		{49E25CB6-E5F0-17EA-7178-4AB267D30607}.Debug|Any CPU.ActiveCfg = Debug|Any CPU
		{49E25CB6-E5F0-17EA-7178-4AB267D30607}.Debug|Any CPU.Build.0 = Debug|Any CPU
		{49E25CB6-E5F0-17EA-7178-4AB267D30607}.Debug|x64.ActiveCfg = Debug|Any CPU
		{49E25CB6-E5F0-17EA-7178-4AB267D30607}.Debug|x64.Build.0 = Debug|Any CPU
		{49E25CB6-E5F0-17EA-7178-4AB267D30607}.Debug|x86.ActiveCfg = Debug|Any CPU
		{49E25CB6-E5F0-17EA-7178-4AB267D30607}.Debug|x86.Build.0 = Debug|Any CPU
		{49E25CB6-E5F0-17EA-7178-4AB267D30607}.Release|Any CPU.ActiveCfg = Release|Any CPU
		{49E25CB6-E5F0-17EA-7178-4AB267D30607}.Release|Any CPU.Build.0 = Release|Any CPU
		{49E25CB6-E5F0-17EA-7178-4AB267D30607}.Release|x64.ActiveCfg = Release|Any CPU
		{49E25CB6-E5F0-17EA-7178-4AB267D30607}.Release|x64.Build.0 = Release|Any CPU
		{49E25CB6-E5F0-17EA-7178-4AB267D30607}.Release|x86.ActiveCfg = Release|Any CPU
		{49E25CB6-E5F0-17EA-7178-4AB267D30607}.Release|x86.Build.0 = Release|Any CPU
		{D5FF5BAB-BB05-51F8-D1F2-4EF0953444DA}.Debug|Any CPU.ActiveCfg = Debug|Any CPU
		{D5FF5BAB-BB05-51F8-D1F2-4EF0953444DA}.Debug|Any CPU.Build.0 = Debug|Any CPU
		{D5FF5BAB-BB05-51F8-D1F2-4EF0953444DA}.Debug|x64.ActiveCfg = Debug|Any CPU
		{D5FF5BAB-BB05-51F8-D1F2-4EF0953444DA}.Debug|x64.Build.0 = Debug|Any CPU
		{D5FF5BAB-BB05-51F8-D1F2-4EF0953444DA}.Debug|x86.ActiveCfg = Debug|Any CPU
		{D5FF5BAB-BB05-51F8-D1F2-4EF0953444DA}.Debug|x86.Build.0 = Debug|Any CPU
		{D5FF5BAB-BB05-51F8-D1F2-4EF0953444DA}.Release|Any CPU.ActiveCfg = Release|Any CPU
		{D5FF5BAB-BB05-51F8-D1F2-4EF0953444DA}.Release|Any CPU.Build.0 = Release|Any CPU
		{D5FF5BAB-BB05-51F8-D1F2-4EF0953444DA}.Release|x64.ActiveCfg = Release|Any CPU
		{D5FF5BAB-BB05-51F8-D1F2-4EF0953444DA}.Release|x64.Build.0 = Release|Any CPU
		{D5FF5BAB-BB05-51F8-D1F2-4EF0953444DA}.Release|x86.ActiveCfg = Release|Any CPU
		{D5FF5BAB-BB05-51F8-D1F2-4EF0953444DA}.Release|x86.Build.0 = Release|Any CPU
		{B3E0531C-25B2-BBE0-2CF8-11BDAAA8B28F}.Debug|Any CPU.ActiveCfg = Debug|Any CPU
		{B3E0531C-25B2-BBE0-2CF8-11BDAAA8B28F}.Debug|Any CPU.Build.0 = Debug|Any CPU
		{B3E0531C-25B2-BBE0-2CF8-11BDAAA8B28F}.Debug|x64.ActiveCfg = Debug|Any CPU
		{B3E0531C-25B2-BBE0-2CF8-11BDAAA8B28F}.Debug|x64.Build.0 = Debug|Any CPU
		{B3E0531C-25B2-BBE0-2CF8-11BDAAA8B28F}.Debug|x86.ActiveCfg = Debug|Any CPU
		{B3E0531C-25B2-BBE0-2CF8-11BDAAA8B28F}.Debug|x86.Build.0 = Debug|Any CPU
		{B3E0531C-25B2-BBE0-2CF8-11BDAAA8B28F}.Release|Any CPU.ActiveCfg = Release|Any CPU
		{B3E0531C-25B2-BBE0-2CF8-11BDAAA8B28F}.Release|Any CPU.Build.0 = Release|Any CPU
		{B3E0531C-25B2-BBE0-2CF8-11BDAAA8B28F}.Release|x64.ActiveCfg = Release|Any CPU
		{B3E0531C-25B2-BBE0-2CF8-11BDAAA8B28F}.Release|x64.Build.0 = Release|Any CPU
		{B3E0531C-25B2-BBE0-2CF8-11BDAAA8B28F}.Release|x86.ActiveCfg = Release|Any CPU
		{B3E0531C-25B2-BBE0-2CF8-11BDAAA8B28F}.Release|x86.Build.0 = Release|Any CPU
		{0AEFAA69-7229-485B-88E7-20F110838FAD}.Debug|Any CPU.ActiveCfg = Debug|Any CPU
		{0AEFAA69-7229-485B-88E7-20F110838FAD}.Debug|Any CPU.Build.0 = Debug|Any CPU
		{0AEFAA69-7229-485B-88E7-20F110838FAD}.Debug|x64.ActiveCfg = Debug|Any CPU
		{0AEFAA69-7229-485B-88E7-20F110838FAD}.Debug|x64.Build.0 = Debug|Any CPU
		{0AEFAA69-7229-485B-88E7-20F110838FAD}.Debug|x86.ActiveCfg = Debug|Any CPU
		{0AEFAA69-7229-485B-88E7-20F110838FAD}.Debug|x86.Build.0 = Debug|Any CPU
		{0AEFAA69-7229-485B-88E7-20F110838FAD}.Release|Any CPU.ActiveCfg = Release|Any CPU
		{0AEFAA69-7229-485B-88E7-20F110838FAD}.Release|Any CPU.Build.0 = Release|Any CPU
		{0AEFAA69-7229-485B-88E7-20F110838FAD}.Release|x64.ActiveCfg = Release|Any CPU
		{0AEFAA69-7229-485B-88E7-20F110838FAD}.Release|x64.Build.0 = Release|Any CPU
		{0AEFAA69-7229-485B-88E7-20F110838FAD}.Release|x86.ActiveCfg = Release|Any CPU
		{0AEFAA69-7229-485B-88E7-20F110838FAD}.Release|x86.Build.0 = Release|Any CPU
		{337A7A35-273A-44A1-B3F5-29A15FAFAEAF}.Debug|Any CPU.ActiveCfg = Debug|Any CPU
		{337A7A35-273A-44A1-B3F5-29A15FAFAEAF}.Debug|Any CPU.Build.0 = Debug|Any CPU
		{337A7A35-273A-44A1-B3F5-29A15FAFAEAF}.Debug|x64.ActiveCfg = Debug|Any CPU
		{337A7A35-273A-44A1-B3F5-29A15FAFAEAF}.Debug|x64.Build.0 = Debug|Any CPU
		{337A7A35-273A-44A1-B3F5-29A15FAFAEAF}.Debug|x86.ActiveCfg = Debug|Any CPU
		{337A7A35-273A-44A1-B3F5-29A15FAFAEAF}.Debug|x86.Build.0 = Debug|Any CPU
		{337A7A35-273A-44A1-B3F5-29A15FAFAEAF}.Release|Any CPU.ActiveCfg = Release|Any CPU
		{337A7A35-273A-44A1-B3F5-29A15FAFAEAF}.Release|Any CPU.Build.0 = Release|Any CPU
		{337A7A35-273A-44A1-B3F5-29A15FAFAEAF}.Release|x64.ActiveCfg = Release|Any CPU
		{337A7A35-273A-44A1-B3F5-29A15FAFAEAF}.Release|x64.Build.0 = Release|Any CPU
		{337A7A35-273A-44A1-B3F5-29A15FAFAEAF}.Release|x86.ActiveCfg = Release|Any CPU
		{337A7A35-273A-44A1-B3F5-29A15FAFAEAF}.Release|x86.Build.0 = Release|Any CPU
		{E93F6C94-27AD-4913-B103-264590B4A419}.Debug|Any CPU.ActiveCfg = Debug|Any CPU
		{E93F6C94-27AD-4913-B103-264590B4A419}.Debug|Any CPU.Build.0 = Debug|Any CPU
		{E93F6C94-27AD-4913-B103-264590B4A419}.Debug|x64.ActiveCfg = Debug|Any CPU
		{E93F6C94-27AD-4913-B103-264590B4A419}.Debug|x64.Build.0 = Debug|Any CPU
		{E93F6C94-27AD-4913-B103-264590B4A419}.Debug|x86.ActiveCfg = Debug|Any CPU
		{E93F6C94-27AD-4913-B103-264590B4A419}.Debug|x86.Build.0 = Debug|Any CPU
		{E93F6C94-27AD-4913-B103-264590B4A419}.Release|Any CPU.ActiveCfg = Release|Any CPU
		{E93F6C94-27AD-4913-B103-264590B4A419}.Release|Any CPU.Build.0 = Release|Any CPU
		{E93F6C94-27AD-4913-B103-264590B4A419}.Release|x64.ActiveCfg = Release|Any CPU
		{E93F6C94-27AD-4913-B103-264590B4A419}.Release|x64.Build.0 = Release|Any CPU
		{E93F6C94-27AD-4913-B103-264590B4A419}.Release|x86.ActiveCfg = Release|Any CPU
		{E93F6C94-27AD-4913-B103-264590B4A419}.Release|x86.Build.0 = Release|Any CPU
		{A4D0603F-1C1D-45A7-B209-998468F94FE4}.Debug|Any CPU.ActiveCfg = Debug|Any CPU
		{A4D0603F-1C1D-45A7-B209-998468F94FE4}.Debug|Any CPU.Build.0 = Debug|Any CPU
		{A4D0603F-1C1D-45A7-B209-998468F94FE4}.Debug|x64.ActiveCfg = Debug|Any CPU
		{A4D0603F-1C1D-45A7-B209-998468F94FE4}.Debug|x64.Build.0 = Debug|Any CPU
		{A4D0603F-1C1D-45A7-B209-998468F94FE4}.Debug|x86.ActiveCfg = Debug|Any CPU
		{A4D0603F-1C1D-45A7-B209-998468F94FE4}.Debug|x86.Build.0 = Debug|Any CPU
		{A4D0603F-1C1D-45A7-B209-998468F94FE4}.Release|Any CPU.ActiveCfg = Release|Any CPU
		{A4D0603F-1C1D-45A7-B209-998468F94FE4}.Release|Any CPU.Build.0 = Release|Any CPU
		{A4D0603F-1C1D-45A7-B209-998468F94FE4}.Release|x64.ActiveCfg = Release|Any CPU
		{A4D0603F-1C1D-45A7-B209-998468F94FE4}.Release|x64.Build.0 = Release|Any CPU
		{A4D0603F-1C1D-45A7-B209-998468F94FE4}.Release|x86.ActiveCfg = Release|Any CPU
		{A4D0603F-1C1D-45A7-B209-998468F94FE4}.Release|x86.Build.0 = Release|Any CPU
		{7DF7CBCC-944E-4FDA-BB2F-094B76B64817}.Debug|Any CPU.ActiveCfg = Debug|Any CPU
		{7DF7CBCC-944E-4FDA-BB2F-094B76B64817}.Debug|Any CPU.Build.0 = Debug|Any CPU
		{7DF7CBCC-944E-4FDA-BB2F-094B76B64817}.Debug|x64.ActiveCfg = Debug|Any CPU
		{7DF7CBCC-944E-4FDA-BB2F-094B76B64817}.Debug|x64.Build.0 = Debug|Any CPU
		{7DF7CBCC-944E-4FDA-BB2F-094B76B64817}.Debug|x86.ActiveCfg = Debug|Any CPU
		{7DF7CBCC-944E-4FDA-BB2F-094B76B64817}.Debug|x86.Build.0 = Debug|Any CPU
		{7DF7CBCC-944E-4FDA-BB2F-094B76B64817}.Release|Any CPU.ActiveCfg = Release|Any CPU
		{7DF7CBCC-944E-4FDA-BB2F-094B76B64817}.Release|Any CPU.Build.0 = Release|Any CPU
		{7DF7CBCC-944E-4FDA-BB2F-094B76B64817}.Release|x64.ActiveCfg = Release|Any CPU
		{7DF7CBCC-944E-4FDA-BB2F-094B76B64817}.Release|x64.Build.0 = Release|Any CPU
		{7DF7CBCC-944E-4FDA-BB2F-094B76B64817}.Release|x86.ActiveCfg = Release|Any CPU
		{7DF7CBCC-944E-4FDA-BB2F-094B76B64817}.Release|x86.Build.0 = Release|Any CPU
		{91E99235-3CA7-4986-87E4-31859F9E31E6}.Debug|Any CPU.ActiveCfg = Debug|Any CPU
		{91E99235-3CA7-4986-87E4-31859F9E31E6}.Debug|Any CPU.Build.0 = Debug|Any CPU
		{91E99235-3CA7-4986-87E4-31859F9E31E6}.Debug|x64.ActiveCfg = Debug|Any CPU
		{91E99235-3CA7-4986-87E4-31859F9E31E6}.Debug|x64.Build.0 = Debug|Any CPU
		{91E99235-3CA7-4986-87E4-31859F9E31E6}.Debug|x86.ActiveCfg = Debug|Any CPU
		{91E99235-3CA7-4986-87E4-31859F9E31E6}.Debug|x86.Build.0 = Debug|Any CPU
		{91E99235-3CA7-4986-87E4-31859F9E31E6}.Release|Any CPU.ActiveCfg = Release|Any CPU
		{91E99235-3CA7-4986-87E4-31859F9E31E6}.Release|Any CPU.Build.0 = Release|Any CPU
		{91E99235-3CA7-4986-87E4-31859F9E31E6}.Release|x64.ActiveCfg = Release|Any CPU
		{91E99235-3CA7-4986-87E4-31859F9E31E6}.Release|x64.Build.0 = Release|Any CPU
		{91E99235-3CA7-4986-87E4-31859F9E31E6}.Release|x86.ActiveCfg = Release|Any CPU
		{91E99235-3CA7-4986-87E4-31859F9E31E6}.Release|x86.Build.0 = Release|Any CPU
		{50E78846-1097-4278-B46D-57E2F4D8E30E}.Debug|Any CPU.ActiveCfg = Debug|Any CPU
		{50E78846-1097-4278-B46D-57E2F4D8E30E}.Debug|Any CPU.Build.0 = Debug|Any CPU
		{50E78846-1097-4278-B46D-57E2F4D8E30E}.Debug|x64.ActiveCfg = Debug|Any CPU
		{50E78846-1097-4278-B46D-57E2F4D8E30E}.Debug|x64.Build.0 = Debug|Any CPU
		{50E78846-1097-4278-B46D-57E2F4D8E30E}.Debug|x86.ActiveCfg = Debug|Any CPU
		{50E78846-1097-4278-B46D-57E2F4D8E30E}.Debug|x86.Build.0 = Debug|Any CPU
		{50E78846-1097-4278-B46D-57E2F4D8E30E}.Release|Any CPU.ActiveCfg = Release|Any CPU
		{50E78846-1097-4278-B46D-57E2F4D8E30E}.Release|Any CPU.Build.0 = Release|Any CPU
		{50E78846-1097-4278-B46D-57E2F4D8E30E}.Release|x64.ActiveCfg = Release|Any CPU
		{50E78846-1097-4278-B46D-57E2F4D8E30E}.Release|x64.Build.0 = Release|Any CPU
		{50E78846-1097-4278-B46D-57E2F4D8E30E}.Release|x86.ActiveCfg = Release|Any CPU
		{50E78846-1097-4278-B46D-57E2F4D8E30E}.Release|x86.Build.0 = Release|Any CPU
		{5BA32FA6-957B-B84C-E6ED-6757DA75AF64}.Debug|Any CPU.ActiveCfg = Debug|Any CPU
		{5BA32FA6-957B-B84C-E6ED-6757DA75AF64}.Debug|Any CPU.Build.0 = Debug|Any CPU
		{5BA32FA6-957B-B84C-E6ED-6757DA75AF64}.Debug|x64.ActiveCfg = Debug|Any CPU
		{5BA32FA6-957B-B84C-E6ED-6757DA75AF64}.Debug|x64.Build.0 = Debug|Any CPU
		{5BA32FA6-957B-B84C-E6ED-6757DA75AF64}.Debug|x86.ActiveCfg = Debug|Any CPU
		{5BA32FA6-957B-B84C-E6ED-6757DA75AF64}.Debug|x86.Build.0 = Debug|Any CPU
		{5BA32FA6-957B-B84C-E6ED-6757DA75AF64}.Release|Any CPU.ActiveCfg = Release|Any CPU
		{5BA32FA6-957B-B84C-E6ED-6757DA75AF64}.Release|Any CPU.Build.0 = Release|Any CPU
		{5BA32FA6-957B-B84C-E6ED-6757DA75AF64}.Release|x64.ActiveCfg = Release|Any CPU
		{5BA32FA6-957B-B84C-E6ED-6757DA75AF64}.Release|x64.Build.0 = Release|Any CPU
		{5BA32FA6-957B-B84C-E6ED-6757DA75AF64}.Release|x86.ActiveCfg = Release|Any CPU
		{5BA32FA6-957B-B84C-E6ED-6757DA75AF64}.Release|x86.Build.0 = Release|Any CPU
		{6340F6BA-F16F-924A-EED2-5E101A330E62}.Debug|Any CPU.ActiveCfg = Debug|Any CPU
		{6340F6BA-F16F-924A-EED2-5E101A330E62}.Debug|Any CPU.Build.0 = Debug|Any CPU
		{6340F6BA-F16F-924A-EED2-5E101A330E62}.Debug|x64.ActiveCfg = Debug|Any CPU
		{6340F6BA-F16F-924A-EED2-5E101A330E62}.Debug|x64.Build.0 = Debug|Any CPU
		{6340F6BA-F16F-924A-EED2-5E101A330E62}.Debug|x86.ActiveCfg = Debug|Any CPU
		{6340F6BA-F16F-924A-EED2-5E101A330E62}.Debug|x86.Build.0 = Debug|Any CPU
		{6340F6BA-F16F-924A-EED2-5E101A330E62}.Release|Any CPU.ActiveCfg = Release|Any CPU
		{6340F6BA-F16F-924A-EED2-5E101A330E62}.Release|Any CPU.Build.0 = Release|Any CPU
		{6340F6BA-F16F-924A-EED2-5E101A330E62}.Release|x64.ActiveCfg = Release|Any CPU
		{6340F6BA-F16F-924A-EED2-5E101A330E62}.Release|x64.Build.0 = Release|Any CPU
		{6340F6BA-F16F-924A-EED2-5E101A330E62}.Release|x86.ActiveCfg = Release|Any CPU
		{6340F6BA-F16F-924A-EED2-5E101A330E62}.Release|x86.Build.0 = Release|Any CPU
		{95705CA7-B9E6-6C6B-2962-26A9B2BF960C}.Debug|Any CPU.ActiveCfg = Debug|Any CPU
		{95705CA7-B9E6-6C6B-2962-26A9B2BF960C}.Debug|Any CPU.Build.0 = Debug|Any CPU
		{95705CA7-B9E6-6C6B-2962-26A9B2BF960C}.Debug|x64.ActiveCfg = Debug|Any CPU
		{95705CA7-B9E6-6C6B-2962-26A9B2BF960C}.Debug|x64.Build.0 = Debug|Any CPU
		{95705CA7-B9E6-6C6B-2962-26A9B2BF960C}.Debug|x86.ActiveCfg = Debug|Any CPU
		{95705CA7-B9E6-6C6B-2962-26A9B2BF960C}.Debug|x86.Build.0 = Debug|Any CPU
		{95705CA7-B9E6-6C6B-2962-26A9B2BF960C}.Release|Any CPU.ActiveCfg = Release|Any CPU
		{95705CA7-B9E6-6C6B-2962-26A9B2BF960C}.Release|Any CPU.Build.0 = Release|Any CPU
		{95705CA7-B9E6-6C6B-2962-26A9B2BF960C}.Release|x64.ActiveCfg = Release|Any CPU
		{95705CA7-B9E6-6C6B-2962-26A9B2BF960C}.Release|x64.Build.0 = Release|Any CPU
		{95705CA7-B9E6-6C6B-2962-26A9B2BF960C}.Release|x86.ActiveCfg = Release|Any CPU
		{95705CA7-B9E6-6C6B-2962-26A9B2BF960C}.Release|x86.Build.0 = Release|Any CPU
		{2E5B9A83-5ABA-4C4F-99A7-A39CD6BA0722}.Debug|Any CPU.ActiveCfg = Debug|Any CPU
		{2E5B9A83-5ABA-4C4F-99A7-A39CD6BA0722}.Debug|Any CPU.Build.0 = Debug|Any CPU
		{2E5B9A83-5ABA-4C4F-99A7-A39CD6BA0722}.Debug|x64.ActiveCfg = Debug|Any CPU
		{2E5B9A83-5ABA-4C4F-99A7-A39CD6BA0722}.Debug|x64.Build.0 = Debug|Any CPU
		{2E5B9A83-5ABA-4C4F-99A7-A39CD6BA0722}.Debug|x86.ActiveCfg = Debug|Any CPU
		{2E5B9A83-5ABA-4C4F-99A7-A39CD6BA0722}.Debug|x86.Build.0 = Debug|Any CPU
		{2E5B9A83-5ABA-4C4F-99A7-A39CD6BA0722}.Release|Any CPU.ActiveCfg = Release|Any CPU
		{2E5B9A83-5ABA-4C4F-99A7-A39CD6BA0722}.Release|Any CPU.Build.0 = Release|Any CPU
		{2E5B9A83-5ABA-4C4F-99A7-A39CD6BA0722}.Release|x64.ActiveCfg = Release|Any CPU
		{2E5B9A83-5ABA-4C4F-99A7-A39CD6BA0722}.Release|x64.Build.0 = Release|Any CPU
		{2E5B9A83-5ABA-4C4F-99A7-A39CD6BA0722}.Release|x86.ActiveCfg = Release|Any CPU
		{2E5B9A83-5ABA-4C4F-99A7-A39CD6BA0722}.Release|x86.Build.0 = Release|Any CPU
		{C4FF2A72-A374-54F4-A3DC-EAB3BAD89730}.Debug|Any CPU.ActiveCfg = Debug|Any CPU
		{C4FF2A72-A374-54F4-A3DC-EAB3BAD89730}.Debug|Any CPU.Build.0 = Debug|Any CPU
		{C4FF2A72-A374-54F4-A3DC-EAB3BAD89730}.Debug|x64.ActiveCfg = Debug|Any CPU
		{C4FF2A72-A374-54F4-A3DC-EAB3BAD89730}.Debug|x64.Build.0 = Debug|Any CPU
		{C4FF2A72-A374-54F4-A3DC-EAB3BAD89730}.Debug|x86.ActiveCfg = Debug|Any CPU
		{C4FF2A72-A374-54F4-A3DC-EAB3BAD89730}.Debug|x86.Build.0 = Debug|Any CPU
		{C4FF2A72-A374-54F4-A3DC-EAB3BAD89730}.Release|Any CPU.ActiveCfg = Release|Any CPU
		{C4FF2A72-A374-54F4-A3DC-EAB3BAD89730}.Release|Any CPU.Build.0 = Release|Any CPU
		{C4FF2A72-A374-54F4-A3DC-EAB3BAD89730}.Release|x64.ActiveCfg = Release|Any CPU
		{C4FF2A72-A374-54F4-A3DC-EAB3BAD89730}.Release|x64.Build.0 = Release|Any CPU
		{C4FF2A72-A374-54F4-A3DC-EAB3BAD89730}.Release|x86.ActiveCfg = Release|Any CPU
		{C4FF2A72-A374-54F4-A3DC-EAB3BAD89730}.Release|x86.Build.0 = Release|Any CPU
		{B1C992C5-3FAC-3400-48B3-DBA3383E5BC0}.Debug|Any CPU.ActiveCfg = Debug|Any CPU
		{B1C992C5-3FAC-3400-48B3-DBA3383E5BC0}.Debug|Any CPU.Build.0 = Debug|Any CPU
		{B1C992C5-3FAC-3400-48B3-DBA3383E5BC0}.Debug|x64.ActiveCfg = Debug|Any CPU
		{B1C992C5-3FAC-3400-48B3-DBA3383E5BC0}.Debug|x64.Build.0 = Debug|Any CPU
		{B1C992C5-3FAC-3400-48B3-DBA3383E5BC0}.Debug|x86.ActiveCfg = Debug|Any CPU
		{B1C992C5-3FAC-3400-48B3-DBA3383E5BC0}.Debug|x86.Build.0 = Debug|Any CPU
		{B1C992C5-3FAC-3400-48B3-DBA3383E5BC0}.Release|Any CPU.ActiveCfg = Release|Any CPU
		{B1C992C5-3FAC-3400-48B3-DBA3383E5BC0}.Release|Any CPU.Build.0 = Release|Any CPU
		{B1C992C5-3FAC-3400-48B3-DBA3383E5BC0}.Release|x64.ActiveCfg = Release|Any CPU
		{B1C992C5-3FAC-3400-48B3-DBA3383E5BC0}.Release|x64.Build.0 = Release|Any CPU
		{B1C992C5-3FAC-3400-48B3-DBA3383E5BC0}.Release|x86.ActiveCfg = Release|Any CPU
		{B1C992C5-3FAC-3400-48B3-DBA3383E5BC0}.Release|x86.Build.0 = Release|Any CPU
	EndGlobalSection
	GlobalSection(SolutionProperties) = preSolution
		HideSolutionNode = FALSE
	EndGlobalSection
	GlobalSection(NestedProjects) = preSolution
		{8FDA406C-A922-4C10-857F-63CBC1D3C0CD} = {2CCF2DC9-161B-4090-B7CE-A3F6FEE33A9E}
		{34301158-03C8-4F6E-A917-C9BB4EF92F64} = {2CCF2DC9-161B-4090-B7CE-A3F6FEE33A9E}
		{662ADC0C-EC70-496A-8269-A3029FB9E57E} = {2CCF2DC9-161B-4090-B7CE-A3F6FEE33A9E}
		{78BE8EA2-A7C3-43B6-A33F-935CFA2E02F5} = {2CCF2DC9-161B-4090-B7CE-A3F6FEE33A9E}
		{336F24D6-34DE-4737-B095-721268774590} = {2CCF2DC9-161B-4090-B7CE-A3F6FEE33A9E}
		{B50349DB-35CD-AF35-F903-B2537E7B0816} = {8FDA406C-A922-4C10-857F-63CBC1D3C0CD}
		{0441791B-F27F-C75B-4588-E3196B129299} = {8FDA406C-A922-4C10-857F-63CBC1D3C0CD}
		{69BB4A87-E2DE-B673-1549-14DB0D93023A} = {8FDA406C-A922-4C10-857F-63CBC1D3C0CD}
		{1DDBFBFC-E4AA-8EBD-2248-D6DD082C2DF1} = {8FDA406C-A922-4C10-857F-63CBC1D3C0CD}
		{942080AB-C9E9-436B-3808-9613B48FA61E} = {34301158-03C8-4F6E-A917-C9BB4EF92F64}
		{3C4EAD4F-BC78-2C0B-A9E9-455C33432586} = {34301158-03C8-4F6E-A917-C9BB4EF92F64}
		{AB2B387C-A926-E1D7-05EA-4880EF0847B4} = {662ADC0C-EC70-496A-8269-A3029FB9E57E}
		{44D348C6-CEE0-BD9D-E825-E696DEC3334E} = {662ADC0C-EC70-496A-8269-A3029FB9E57E}
		{3C0F6B95-852F-6319-B0FA-7913FEF1CC71} = {78BE8EA2-A7C3-43B6-A33F-935CFA2E02F5}
		{2399B58F-EEB4-E1F2-F049-188CBB3E2EB0} = {78BE8EA2-A7C3-43B6-A33F-935CFA2E02F5}
		{34F19C31-CC73-24E6-5352-8E4D1B67BA4F} = {78BE8EA2-A7C3-43B6-A33F-935CFA2E02F5}
		{547A2093-4FC0-4360-F9CD-1EE5C31AEADA} = {336F24D6-34DE-4737-B095-721268774590}
		{310B4847-0C8A-FE17-E995-F096CD92D9CE} = {336F24D6-34DE-4737-B095-721268774590}
		{988FCE2C-ECE7-D1E8-B031-5E25944286FC} = {336F24D6-34DE-4737-B095-721268774590}
		{F89DF8CA-72DC-7024-ECD5-766854F280F9} = {662ADC0C-EC70-496A-8269-A3029FB9E57E}
		{13CD265D-B14D-01C1-BDD9-9D946700F2B6} = {34301158-03C8-4F6E-A917-C9BB4EF92F64}
		{E72D929D-B5D6-8B54-974D-8F662DC87566} = {34301158-03C8-4F6E-A917-C9BB4EF92F64}
		{49E25CB6-E5F0-17EA-7178-4AB267D30607} = {662ADC0C-EC70-496A-8269-A3029FB9E57E}
		{D5FF5BAB-BB05-51F8-D1F2-4EF0953444DA} = {78BE8EA2-A7C3-43B6-A33F-935CFA2E02F5}
		{B3E0531C-25B2-BBE0-2CF8-11BDAAA8B28F} = {336F24D6-34DE-4737-B095-721268774590}
		{BE09409E-C90F-C4CD-8409-D7ED47C7BA57} = {2CCF2DC9-161B-4090-B7CE-A3F6FEE33A9E}
		{0AEFAA69-7229-485B-88E7-20F110838FAD} = {BE09409E-C90F-C4CD-8409-D7ED47C7BA57}
		{337A7A35-273A-44A1-B3F5-29A15FAFAEAF} = {BE09409E-C90F-C4CD-8409-D7ED47C7BA57}
		{E93F6C94-27AD-4913-B103-264590B4A419} = {BE09409E-C90F-C4CD-8409-D7ED47C7BA57}
		{4BCBAD4B-3624-F1E7-5E9D-426CABDF362D} = {2CCF2DC9-161B-4090-B7CE-A3F6FEE33A9E}
		{A4D0603F-1C1D-45A7-B209-998468F94FE4} = {4BCBAD4B-3624-F1E7-5E9D-426CABDF362D}
		{7DF7CBCC-944E-4FDA-BB2F-094B76B64817} = {4BCBAD4B-3624-F1E7-5E9D-426CABDF362D}
		{91E99235-3CA7-4986-87E4-31859F9E31E6} = {4BCBAD4B-3624-F1E7-5E9D-426CABDF362D}
		{50E78846-1097-4278-B46D-57E2F4D8E30E} = {4BCBAD4B-3624-F1E7-5E9D-426CABDF362D}
		{9C8E2808-CA96-4E1C-AA1C-FD3C61C36E9D} = {2CCF2DC9-161B-4090-B7CE-A3F6FEE33A9E}
		{5BA32FA6-957B-B84C-E6ED-6757DA75AF64} = {9C8E2808-CA96-4E1C-AA1C-FD3C61C36E9D}
		{6340F6BA-F16F-924A-EED2-5E101A330E62} = {9C8E2808-CA96-4E1C-AA1C-FD3C61C36E9D}
		{95705CA7-B9E6-6C6B-2962-26A9B2BF960C} = {9C8E2808-CA96-4E1C-AA1C-FD3C61C36E9D}
		{2E5B9A83-5ABA-4C4F-99A7-A39CD6BA0722} = {7E5197D9-5A2C-4F2B-A202-5C7CFB05DFBB}
		{B1C992C5-3FAC-3400-48B3-DBA3383E5BC0} = {28C8DA06-4C04-461C-A053-4AEDF426DE6B}
	EndGlobalSection
	GlobalSection(ExtensibilityGlobals) = postSolution
		SolutionGuid = {A136879B-8C2F-49C5-9680-3A8BA2082768}
	EndGlobalSection
EndGlobal
